// !$*UTF8*$!
{
	archiveVersion = 1;
	classes = {
	};
	objectVersion = 50;
	objects = {

/* Begin PBXBuildFile section */
		570D0425254AE8370061F4FF /* main.c in Sources */ = {isa = PBXBuildFile; fileRef = 570D0424254AE8370061F4FF /* main.c */; };
		570D0431254AE8480061F4FF /* NO129.c in Sources */ = {isa = PBXBuildFile; fileRef = 570D0430254AE8480061F4FF /* NO129.c */; };
		570D0444254AEA120061F4FF /* TreeNode.c in Sources */ = {isa = PBXBuildFile; fileRef = 57E5A41525490C250080A2BE /* TreeNode.c */; };
		570D0455254BF0D20061F4FF /* main.c in Sources */ = {isa = PBXBuildFile; fileRef = 570D0454254BF0D20061F4FF /* main.c */; };
		570D0465254BF0E80061F4FF /* NO112.c in Sources */ = {isa = PBXBuildFile; fileRef = 570D0464254BF0E80061F4FF /* NO112.c */; };
		570D047C254BF1820061F4FF /* TreeQueueNode.c in Sources */ = {isa = PBXBuildFile; fileRef = 570D047B254BF1820061F4FF /* TreeQueueNode.c */; };
		570D0491254BF2540061F4FF /* TreeNode.c in Sources */ = {isa = PBXBuildFile; fileRef = 57E5A41525490C250080A2BE /* TreeNode.c */; };
		570D0492254BF2540061F4FF /* TreeQueueNode.c in Sources */ = {isa = PBXBuildFile; fileRef = 570D047B254BF1820061F4FF /* TreeQueueNode.c */; };
		570D04A4254C02B70061F4FF /* main.c in Sources */ = {isa = PBXBuildFile; fileRef = 570D04A3254C02B70061F4FF /* main.c */; };
		570D04B5254C02C90061F4FF /* NO463.c in Sources */ = {isa = PBXBuildFile; fileRef = 570D04B4254C02C90061F4FF /* NO463.c */; };
		576EBD29254FA96100E81854 /* main.c in Sources */ = {isa = PBXBuildFile; fileRef = 576EBD28254FA96100E81854 /* main.c */; };
		576EBD3B254FA9C400E81854 /* NO349.c in Sources */ = {isa = PBXBuildFile; fileRef = 576EBD3A254FA9C400E81854 /* NO349.c */; };
		576EBD5D25500C1E00E81854 /* main.c in Sources */ = {isa = PBXBuildFile; fileRef = 576EBD5C25500C1E00E81854 /* main.c */; };
		576EBD7025500C2C00E81854 /* NO46.c in Sources */ = {isa = PBXBuildFile; fileRef = 576EBD6F25500C2C00E81854 /* NO46.c */; };
		577A70F72548E7D600880C7F /* main.c in Sources */ = {isa = PBXBuildFile; fileRef = 577A70F62548E7D600880C7F /* main.c */; };
		577A70FD2548E7E200880C7F /* NO1207.c in Sources */ = {isa = PBXBuildFile; fileRef = 577A70FC2548E7E200880C7F /* NO1207.c */; };
		577A71062549AE0D00880C7F /* main.c in Sources */ = {isa = PBXBuildFile; fileRef = 577A71052549AE0D00880C7F /* main.c */; };
		577A710A2549AF1D00880C7F /* TreeNode.c in Sources */ = {isa = PBXBuildFile; fileRef = 57E5A41525490C250080A2BE /* TreeNode.c */; };
		577A710B2549AF2B00880C7F /* TreeNode.c in Sources */ = {isa = PBXBuildFile; fileRef = 57E5A41525490C250080A2BE /* TreeNode.c */; };
		577A710E2549AF3E00880C7F /* TreeNode.c in Sources */ = {isa = PBXBuildFile; fileRef = 57E5A41525490C250080A2BE /* TreeNode.c */; };
		577A71102549B01100880C7F /* TreeNode.c in Sources */ = {isa = PBXBuildFile; fileRef = 57E5A41525490C250080A2BE /* TreeNode.c */; };
		577A71132549B08800880C7F /* NO144.c in Sources */ = {isa = PBXBuildFile; fileRef = 577A71122549B08800880C7F /* NO144.c */; };
		57DAAFE525514777008C0997 /* main.c in Sources */ = {isa = PBXBuildFile; fileRef = 57DAAFE425514777008C0997 /* main.c */; };
		57DAAFF725514781008C0997 /* TreeNode.c in Sources */ = {isa = PBXBuildFile; fileRef = 57E5A41525490C250080A2BE /* TreeNode.c */; };
		57DAB00825514792008C0997 /* NO94.c in Sources */ = {isa = PBXBuildFile; fileRef = 57DAB00725514792008C0997 /* NO94.c */; };
		57DAB01E25515D9F008C0997 /* main.c in Sources */ = {isa = PBXBuildFile; fileRef = 57DAB01D25515D9E008C0997 /* main.c */; };
		57DAB03325515DAB008C0997 /* NO145.c in Sources */ = {isa = PBXBuildFile; fileRef = 57DAB03225515DAB008C0997 /* NO145.c */; };
		57DAB04325515DC7008C0997 /* TreeNode.c in Sources */ = {isa = PBXBuildFile; fileRef = 57E5A41525490C250080A2BE /* TreeNode.c */; };
		57DAB06925524E0F008C0997 /* main.c in Sources */ = {isa = PBXBuildFile; fileRef = 57DAB06825524E0F008C0997 /* main.c */; };
		57DAB07D25524E16008C0997 /* TreeNode.c in Sources */ = {isa = PBXBuildFile; fileRef = 57E5A41525490C250080A2BE /* TreeNode.c */; };
		57DAB09025524E22008C0997 /* NO102.c in Sources */ = {isa = PBXBuildFile; fileRef = 57DAB08F25524E22008C0997 /* NO102.c */; };
		57DAB1322552852E008C0997 /* main.c in Sources */ = {isa = PBXBuildFile; fileRef = 57DAB1312552852E008C0997 /* main.c */; };
		57DAB14925528538008C0997 /* NO57.c in Sources */ = {isa = PBXBuildFile; fileRef = 57DAB14825528538008C0997 /* NO57.c */; };
		57DAB1622552A52A008C0997 /* main.c in Sources */ = {isa = PBXBuildFile; fileRef = 57DAB1612552A52A008C0997 /* main.c */; };
		57DAB17A2552A534008C0997 /* NO107.c in Sources */ = {isa = PBXBuildFile; fileRef = 57DAB1792552A534008C0997 /* NO107.c */; };
		57DAB1B22552A55B008C0997 /* TreeNode.c in Sources */ = {isa = PBXBuildFile; fileRef = 57E5A41525490C250080A2BE /* TreeNode.c */; };
		57DAB2562553EBE9008C0997 /* main.c in Sources */ = {isa = PBXBuildFile; fileRef = 57DAB2552553EBE9008C0997 /* main.c */; };
		57DAB26F2553EBF7008C0997 /* NO127.c in Sources */ = {isa = PBXBuildFile; fileRef = 57DAB26E2553EBF7008C0997 /* NO127.c */; };
		57DAB28A2554201C008C0997 /* main.c in Sources */ = {isa = PBXBuildFile; fileRef = 57DAB2892554201C008C0997 /* main.c */; };
		57DAB2A425542027008C0997 /* NO51.c in Sources */ = {isa = PBXBuildFile; fileRef = 57DAB2A325542027008C0997 /* NO51.c */; };
		57DAB2F42554E78E008C0997 /* main.c in Sources */ = {isa = PBXBuildFile; fileRef = 57DAB2F32554E78E008C0997 /* main.c */; };
		57DAB30F2554E79A008C0997 /* NO1356.c in Sources */ = {isa = PBXBuildFile; fileRef = 57DAB30E2554E79A008C0997 /* NO1356.c */; };
		57DAB32C25592D24008C0997 /* main.c in Sources */ = {isa = PBXBuildFile; fileRef = 57DAB32B25592D24008C0997 /* main.c */; };
		57DAB34825592DDD008C0997 /* NO973.c in Sources */ = {isa = PBXBuildFile; fileRef = 57DAB34725592DDD008C0997 /* NO973.c */; };
		57E5A38C2547FC640080A2BE /* main.c in Sources */ = {isa = PBXBuildFile; fileRef = 57E5A38B2547FC640080A2BE /* main.c */; };
		57E5A3AF25480FD40080A2BE /* main.c in Sources */ = {isa = PBXBuildFile; fileRef = 57E5A3AE25480FD40080A2BE /* main.c */; };
		57E5A3BF254810630080A2BE /* main.c in Sources */ = {isa = PBXBuildFile; fileRef = 57E5A3BE254810630080A2BE /* main.c */; };
		57E5A3CB254811F10080A2BE /* NO322.c in Sources */ = {isa = PBXBuildFile; fileRef = 57E5A3C9254811F10080A2BE /* NO322.c */; };
		57E5A3D1254811FE0080A2BE /* NO509.c in Sources */ = {isa = PBXBuildFile; fileRef = 57E5A3D0254811FE0080A2BE /* NO509.c */; };
		57E5A3DF25481B7D0080A2BE /* main.c in Sources */ = {isa = PBXBuildFile; fileRef = 57E5A3DE25481B7D0080A2BE /* main.c */; };
		57E5A3E925481B8A0080A2BE /* NO226.c in Sources */ = {isa = PBXBuildFile; fileRef = 57E5A3E825481B8A0080A2BE /* NO226.c */; };
		57E5A40125490BF60080A2BE /* main.c in Sources */ = {isa = PBXBuildFile; fileRef = 57E5A40025490BF60080A2BE /* main.c */; };
		57E5A40D25490C1A0080A2BE /* NO114.c in Sources */ = {isa = PBXBuildFile; fileRef = 57E5A40C25490C1A0080A2BE /* NO114.c */; };
		57E5A426254A59BD0080A2BE /* Node.c in Sources */ = {isa = PBXBuildFile; fileRef = 57E5A425254A59BD0080A2BE /* Node.c */; };
		57E5A435254A5A720080A2BE /* main.c in Sources */ = {isa = PBXBuildFile; fileRef = 57E5A434254A5A720080A2BE /* main.c */; };
		57E5A441254A5A810080A2BE /* Node.c in Sources */ = {isa = PBXBuildFile; fileRef = 57E5A425254A59BD0080A2BE /* Node.c */; };
		57E5A44C254A5AA50080A2BE /* NO589.c in Sources */ = {isa = PBXBuildFile; fileRef = 57E5A44B254A5AA50080A2BE /* NO589.c */; };
/* End PBXBuildFile section */

/* Begin PBXCopyFilesBuildPhase section */
		570D0412254AE82C0061F4FF /* CopyFiles */ = {
			isa = PBXCopyFilesBuildPhase;
			buildActionMask = 2147483647;
			dstPath = /usr/share/man/man1/;
			dstSubfolderSpec = 0;
			files = (
			);
			runOnlyForDeploymentPostprocessing = 1;
		};
		570D0450254BF0D20061F4FF /* CopyFiles */ = {
			isa = PBXCopyFilesBuildPhase;
			buildActionMask = 2147483647;
			dstPath = /usr/share/man/man1/;
			dstSubfolderSpec = 0;
			files = (
			);
			runOnlyForDeploymentPostprocessing = 1;
		};
		570D049F254C02B70061F4FF /* CopyFiles */ = {
			isa = PBXCopyFilesBuildPhase;
			buildActionMask = 2147483647;
			dstPath = /usr/share/man/man1/;
			dstSubfolderSpec = 0;
			files = (
			);
			runOnlyForDeploymentPostprocessing = 1;
		};
		576EBD24254FA96100E81854 /* CopyFiles */ = {
			isa = PBXCopyFilesBuildPhase;
			buildActionMask = 2147483647;
			dstPath = /usr/share/man/man1/;
			dstSubfolderSpec = 0;
			files = (
			);
			runOnlyForDeploymentPostprocessing = 1;
		};
		576EBD5825500C1E00E81854 /* CopyFiles */ = {
			isa = PBXCopyFilesBuildPhase;
			buildActionMask = 2147483647;
			dstPath = /usr/share/man/man1/;
			dstSubfolderSpec = 0;
			files = (
			);
			runOnlyForDeploymentPostprocessing = 1;
		};
		577A70F22548E7D600880C7F /* CopyFiles */ = {
			isa = PBXCopyFilesBuildPhase;
			buildActionMask = 2147483647;
			dstPath = /usr/share/man/man1/;
			dstSubfolderSpec = 0;
			files = (
			);
			runOnlyForDeploymentPostprocessing = 1;
		};
		577A71012549AE0D00880C7F /* CopyFiles */ = {
			isa = PBXCopyFilesBuildPhase;
			buildActionMask = 2147483647;
			dstPath = /usr/share/man/man1/;
			dstSubfolderSpec = 0;
			files = (
			);
			runOnlyForDeploymentPostprocessing = 1;
		};
		57DAAFE025514777008C0997 /* CopyFiles */ = {
			isa = PBXCopyFilesBuildPhase;
			buildActionMask = 2147483647;
			dstPath = /usr/share/man/man1/;
			dstSubfolderSpec = 0;
			files = (
			);
			runOnlyForDeploymentPostprocessing = 1;
		};
		57DAB01925515D9E008C0997 /* CopyFiles */ = {
			isa = PBXCopyFilesBuildPhase;
			buildActionMask = 2147483647;
			dstPath = /usr/share/man/man1/;
			dstSubfolderSpec = 0;
			files = (
			);
			runOnlyForDeploymentPostprocessing = 1;
		};
		57DAB06425524E0F008C0997 /* CopyFiles */ = {
			isa = PBXCopyFilesBuildPhase;
			buildActionMask = 2147483647;
			dstPath = /usr/share/man/man1/;
			dstSubfolderSpec = 0;
			files = (
			);
			runOnlyForDeploymentPostprocessing = 1;
		};
		57DAB12D2552852E008C0997 /* CopyFiles */ = {
			isa = PBXCopyFilesBuildPhase;
			buildActionMask = 2147483647;
			dstPath = /usr/share/man/man1/;
			dstSubfolderSpec = 0;
			files = (
			);
			runOnlyForDeploymentPostprocessing = 1;
		};
		57DAB15D2552A52A008C0997 /* CopyFiles */ = {
			isa = PBXCopyFilesBuildPhase;
			buildActionMask = 2147483647;
			dstPath = /usr/share/man/man1/;
			dstSubfolderSpec = 0;
			files = (
			);
			runOnlyForDeploymentPostprocessing = 1;
		};
		57DAB2512553EBE9008C0997 /* CopyFiles */ = {
			isa = PBXCopyFilesBuildPhase;
			buildActionMask = 2147483647;
			dstPath = /usr/share/man/man1/;
			dstSubfolderSpec = 0;
			files = (
			);
			runOnlyForDeploymentPostprocessing = 1;
		};
		57DAB2852554201C008C0997 /* CopyFiles */ = {
			isa = PBXCopyFilesBuildPhase;
			buildActionMask = 2147483647;
			dstPath = /usr/share/man/man1/;
			dstSubfolderSpec = 0;
			files = (
			);
			runOnlyForDeploymentPostprocessing = 1;
		};
		57DAB2EF2554E78E008C0997 /* CopyFiles */ = {
			isa = PBXCopyFilesBuildPhase;
			buildActionMask = 2147483647;
			dstPath = /usr/share/man/man1/;
			dstSubfolderSpec = 0;
			files = (
			);
			runOnlyForDeploymentPostprocessing = 1;
		};
		57DAB32725592D24008C0997 /* CopyFiles */ = {
			isa = PBXCopyFilesBuildPhase;
			buildActionMask = 2147483647;
			dstPath = /usr/share/man/man1/;
			dstSubfolderSpec = 0;
			files = (
			);
			runOnlyForDeploymentPostprocessing = 1;
		};
		57E5A3862547FC640080A2BE /* CopyFiles */ = {
			isa = PBXCopyFilesBuildPhase;
			buildActionMask = 2147483647;
			dstPath = /usr/share/man/man1/;
			dstSubfolderSpec = 0;
			files = (
			);
			runOnlyForDeploymentPostprocessing = 1;
		};
		57E5A3AA25480FD40080A2BE /* CopyFiles */ = {
			isa = PBXCopyFilesBuildPhase;
			buildActionMask = 2147483647;
			dstPath = /usr/share/man/man1/;
			dstSubfolderSpec = 0;
			files = (
			);
			runOnlyForDeploymentPostprocessing = 1;
		};
		57E5A3BA254810630080A2BE /* CopyFiles */ = {
			isa = PBXCopyFilesBuildPhase;
			buildActionMask = 2147483647;
			dstPath = /usr/share/man/man1/;
			dstSubfolderSpec = 0;
			files = (
			);
			runOnlyForDeploymentPostprocessing = 1;
		};
		57E5A3DA25481B7D0080A2BE /* CopyFiles */ = {
			isa = PBXCopyFilesBuildPhase;
			buildActionMask = 2147483647;
			dstPath = /usr/share/man/man1/;
			dstSubfolderSpec = 0;
			files = (
			);
			runOnlyForDeploymentPostprocessing = 1;
		};
		57E5A3FC25490BF60080A2BE /* CopyFiles */ = {
			isa = PBXCopyFilesBuildPhase;
			buildActionMask = 2147483647;
			dstPath = /usr/share/man/man1/;
			dstSubfolderSpec = 0;
			files = (
			);
			runOnlyForDeploymentPostprocessing = 1;
		};
		57E5A430254A5A710080A2BE /* CopyFiles */ = {
			isa = PBXCopyFilesBuildPhase;
			buildActionMask = 2147483647;
			dstPath = /usr/share/man/man1/;
			dstSubfolderSpec = 0;
			files = (
			);
			runOnlyForDeploymentPostprocessing = 1;
		};
/* End PBXCopyFilesBuildPhase section */

/* Begin PBXFileReference section */
		570D0414254AE82C0061F4FF /* NO129 */ = {isa = PBXFileReference; explicitFileType = "compiled.mach-o.executable"; includeInIndex = 0; path = NO129; sourceTree = BUILT_PRODUCTS_DIR; };
		570D0424254AE8370061F4FF /* main.c */ = {isa = PBXFileReference; fileEncoding = 4; lastKnownFileType = sourcecode.c.c; path = main.c; sourceTree = "<group>"; };
		570D042F254AE8480061F4FF /* NO129.h */ = {isa = PBXFileReference; lastKnownFileType = sourcecode.c.h; path = NO129.h; sourceTree = "<group>"; };
		570D0430254AE8480061F4FF /* NO129.c */ = {isa = PBXFileReference; lastKnownFileType = sourcecode.c.c; path = NO129.c; sourceTree = "<group>"; };
		570D0452254BF0D20061F4FF /* NO112 */ = {isa = PBXFileReference; explicitFileType = "compiled.mach-o.executable"; includeInIndex = 0; path = NO112; sourceTree = BUILT_PRODUCTS_DIR; };
		570D0454254BF0D20061F4FF /* main.c */ = {isa = PBXFileReference; lastKnownFileType = sourcecode.c.c; path = main.c; sourceTree = "<group>"; };
		570D0463254BF0E80061F4FF /* NO112.h */ = {isa = PBXFileReference; lastKnownFileType = sourcecode.c.h; path = NO112.h; sourceTree = "<group>"; };
		570D0464254BF0E80061F4FF /* NO112.c */ = {isa = PBXFileReference; lastKnownFileType = sourcecode.c.c; path = NO112.c; sourceTree = "<group>"; };
		570D047A254BF1820061F4FF /* TreeQueueNode.h */ = {isa = PBXFileReference; lastKnownFileType = sourcecode.c.h; path = TreeQueueNode.h; sourceTree = "<group>"; };
		570D047B254BF1820061F4FF /* TreeQueueNode.c */ = {isa = PBXFileReference; lastKnownFileType = sourcecode.c.c; path = TreeQueueNode.c; sourceTree = "<group>"; };
		570D04A1254C02B70061F4FF /* NO463 */ = {isa = PBXFileReference; explicitFileType = "compiled.mach-o.executable"; includeInIndex = 0; path = NO463; sourceTree = BUILT_PRODUCTS_DIR; };
		570D04A3254C02B70061F4FF /* main.c */ = {isa = PBXFileReference; lastKnownFileType = sourcecode.c.c; path = main.c; sourceTree = "<group>"; };
		570D04B3254C02C90061F4FF /* NO463.h */ = {isa = PBXFileReference; lastKnownFileType = sourcecode.c.h; path = NO463.h; sourceTree = "<group>"; };
		570D04B4254C02C90061F4FF /* NO463.c */ = {isa = PBXFileReference; lastKnownFileType = sourcecode.c.c; path = NO463.c; sourceTree = "<group>"; };
		576EBD26254FA96100E81854 /* NO349 */ = {isa = PBXFileReference; explicitFileType = "compiled.mach-o.executable"; includeInIndex = 0; path = NO349; sourceTree = BUILT_PRODUCTS_DIR; };
		576EBD28254FA96100E81854 /* main.c */ = {isa = PBXFileReference; lastKnownFileType = sourcecode.c.c; path = main.c; sourceTree = "<group>"; };
		576EBD39254FA9C300E81854 /* NO349.h */ = {isa = PBXFileReference; lastKnownFileType = sourcecode.c.h; path = NO349.h; sourceTree = "<group>"; };
		576EBD3A254FA9C400E81854 /* NO349.c */ = {isa = PBXFileReference; lastKnownFileType = sourcecode.c.c; path = NO349.c; sourceTree = "<group>"; };
		576EBD49254FB21C00E81854 /* uthash.h */ = {isa = PBXFileReference; fileEncoding = 4; lastKnownFileType = sourcecode.c.h; path = uthash.h; sourceTree = "<group>"; };
		576EBD5A25500C1E00E81854 /* NO46 */ = {isa = PBXFileReference; explicitFileType = "compiled.mach-o.executable"; includeInIndex = 0; path = NO46; sourceTree = BUILT_PRODUCTS_DIR; };
		576EBD5C25500C1E00E81854 /* main.c */ = {isa = PBXFileReference; lastKnownFileType = sourcecode.c.c; path = main.c; sourceTree = "<group>"; };
		576EBD6E25500C2C00E81854 /* NO46.h */ = {isa = PBXFileReference; lastKnownFileType = sourcecode.c.h; path = NO46.h; sourceTree = "<group>"; };
		576EBD6F25500C2C00E81854 /* NO46.c */ = {isa = PBXFileReference; lastKnownFileType = sourcecode.c.c; path = NO46.c; sourceTree = "<group>"; };
		577A70F42548E7D600880C7F /* NO1207 */ = {isa = PBXFileReference; explicitFileType = "compiled.mach-o.executable"; includeInIndex = 0; path = NO1207; sourceTree = BUILT_PRODUCTS_DIR; };
		577A70F62548E7D600880C7F /* main.c */ = {isa = PBXFileReference; lastKnownFileType = sourcecode.c.c; path = main.c; sourceTree = "<group>"; };
		577A70FB2548E7E200880C7F /* NO1207.h */ = {isa = PBXFileReference; lastKnownFileType = sourcecode.c.h; path = NO1207.h; sourceTree = "<group>"; };
		577A70FC2548E7E200880C7F /* NO1207.c */ = {isa = PBXFileReference; lastKnownFileType = sourcecode.c.c; path = NO1207.c; sourceTree = "<group>"; };
		577A70FE2548F49C00880C7F /* uthash.h */ = {isa = PBXFileReference; fileEncoding = 4; lastKnownFileType = sourcecode.c.h; path = uthash.h; sourceTree = "<group>"; };
		577A71032549AE0D00880C7F /* NO144 */ = {isa = PBXFileReference; explicitFileType = "compiled.mach-o.executable"; includeInIndex = 0; path = NO144; sourceTree = BUILT_PRODUCTS_DIR; };
		577A71052549AE0D00880C7F /* main.c */ = {isa = PBXFileReference; lastKnownFileType = sourcecode.c.c; path = main.c; sourceTree = "<group>"; };
		577A71112549B08800880C7F /* NO144.h */ = {isa = PBXFileReference; lastKnownFileType = sourcecode.c.h; path = NO144.h; sourceTree = "<group>"; };
		577A71122549B08800880C7F /* NO144.c */ = {isa = PBXFileReference; lastKnownFileType = sourcecode.c.c; path = NO144.c; sourceTree = "<group>"; };
		57DAAFE225514777008C0997 /* NO94 */ = {isa = PBXFileReference; explicitFileType = "compiled.mach-o.executable"; includeInIndex = 0; path = NO94; sourceTree = BUILT_PRODUCTS_DIR; };
		57DAAFE425514777008C0997 /* main.c */ = {isa = PBXFileReference; lastKnownFileType = sourcecode.c.c; path = main.c; sourceTree = "<group>"; };
		57DAB00625514792008C0997 /* NO94.h */ = {isa = PBXFileReference; lastKnownFileType = sourcecode.c.h; path = NO94.h; sourceTree = "<group>"; };
		57DAB00725514792008C0997 /* NO94.c */ = {isa = PBXFileReference; lastKnownFileType = sourcecode.c.c; path = NO94.c; sourceTree = "<group>"; };
		57DAB01B25515D9E008C0997 /* NO145 */ = {isa = PBXFileReference; explicitFileType = "compiled.mach-o.executable"; includeInIndex = 0; path = NO145; sourceTree = BUILT_PRODUCTS_DIR; };
		57DAB01D25515D9E008C0997 /* main.c */ = {isa = PBXFileReference; lastKnownFileType = sourcecode.c.c; path = main.c; sourceTree = "<group>"; };
		57DAB03125515DAB008C0997 /* NO145.h */ = {isa = PBXFileReference; lastKnownFileType = sourcecode.c.h; path = NO145.h; sourceTree = "<group>"; };
		57DAB03225515DAB008C0997 /* NO145.c */ = {isa = PBXFileReference; lastKnownFileType = sourcecode.c.c; path = NO145.c; sourceTree = "<group>"; };
		57DAB06625524E0F008C0997 /* NO102 */ = {isa = PBXFileReference; explicitFileType = "compiled.mach-o.executable"; includeInIndex = 0; path = NO102; sourceTree = BUILT_PRODUCTS_DIR; };
		57DAB06825524E0F008C0997 /* main.c */ = {isa = PBXFileReference; lastKnownFileType = sourcecode.c.c; path = main.c; sourceTree = "<group>"; };
		57DAB08E25524E22008C0997 /* NO102.h */ = {isa = PBXFileReference; lastKnownFileType = sourcecode.c.h; path = NO102.h; sourceTree = "<group>"; };
		57DAB08F25524E22008C0997 /* NO102.c */ = {isa = PBXFileReference; lastKnownFileType = sourcecode.c.c; path = NO102.c; sourceTree = "<group>"; };
		57DAB12F2552852E008C0997 /* NO57 */ = {isa = PBXFileReference; explicitFileType = "compiled.mach-o.executable"; includeInIndex = 0; path = NO57; sourceTree = BUILT_PRODUCTS_DIR; };
		57DAB1312552852E008C0997 /* main.c */ = {isa = PBXFileReference; lastKnownFileType = sourcecode.c.c; path = main.c; sourceTree = "<group>"; };
		57DAB14725528538008C0997 /* NO57.h */ = {isa = PBXFileReference; lastKnownFileType = sourcecode.c.h; path = NO57.h; sourceTree = "<group>"; };
		57DAB14825528538008C0997 /* NO57.c */ = {isa = PBXFileReference; lastKnownFileType = sourcecode.c.c; path = NO57.c; sourceTree = "<group>"; };
		57DAB15F2552A52A008C0997 /* NO107 */ = {isa = PBXFileReference; explicitFileType = "compiled.mach-o.executable"; includeInIndex = 0; path = NO107; sourceTree = BUILT_PRODUCTS_DIR; };
		57DAB1612552A52A008C0997 /* main.c */ = {isa = PBXFileReference; lastKnownFileType = sourcecode.c.c; path = main.c; sourceTree = "<group>"; };
		57DAB1782552A534008C0997 /* NO107.h */ = {isa = PBXFileReference; lastKnownFileType = sourcecode.c.h; path = NO107.h; sourceTree = "<group>"; };
		57DAB1792552A534008C0997 /* NO107.c */ = {isa = PBXFileReference; lastKnownFileType = sourcecode.c.c; path = NO107.c; sourceTree = "<group>"; };
		57DAB2532553EBE9008C0997 /* NO127 */ = {isa = PBXFileReference; explicitFileType = "compiled.mach-o.executable"; includeInIndex = 0; path = NO127; sourceTree = BUILT_PRODUCTS_DIR; };
		57DAB2552553EBE9008C0997 /* main.c */ = {isa = PBXFileReference; lastKnownFileType = sourcecode.c.c; path = main.c; sourceTree = "<group>"; };
		57DAB26D2553EBF7008C0997 /* NO127.h */ = {isa = PBXFileReference; lastKnownFileType = sourcecode.c.h; path = NO127.h; sourceTree = "<group>"; };
		57DAB26E2553EBF7008C0997 /* NO127.c */ = {isa = PBXFileReference; lastKnownFileType = sourcecode.c.c; path = NO127.c; sourceTree = "<group>"; };
		57DAB2872554201C008C0997 /* NO51 */ = {isa = PBXFileReference; explicitFileType = "compiled.mach-o.executable"; includeInIndex = 0; path = NO51; sourceTree = BUILT_PRODUCTS_DIR; };
		57DAB2892554201C008C0997 /* main.c */ = {isa = PBXFileReference; lastKnownFileType = sourcecode.c.c; path = main.c; sourceTree = "<group>"; };
		57DAB2A225542027008C0997 /* NO51.h */ = {isa = PBXFileReference; lastKnownFileType = sourcecode.c.h; path = NO51.h; sourceTree = "<group>"; };
		57DAB2A325542027008C0997 /* NO51.c */ = {isa = PBXFileReference; lastKnownFileType = sourcecode.c.c; path = NO51.c; sourceTree = "<group>"; };
		57DAB2F12554E78E008C0997 /* NO1356 */ = {isa = PBXFileReference; explicitFileType = "compiled.mach-o.executable"; includeInIndex = 0; path = NO1356; sourceTree = BUILT_PRODUCTS_DIR; };
		57DAB2F32554E78E008C0997 /* main.c */ = {isa = PBXFileReference; lastKnownFileType = sourcecode.c.c; path = main.c; sourceTree = "<group>"; };
		57DAB30D2554E79A008C0997 /* NO1356.h */ = {isa = PBXFileReference; lastKnownFileType = sourcecode.c.h; path = NO1356.h; sourceTree = "<group>"; };
		57DAB30E2554E79A008C0997 /* NO1356.c */ = {isa = PBXFileReference; lastKnownFileType = sourcecode.c.c; path = NO1356.c; sourceTree = "<group>"; };
		57DAB32925592D24008C0997 /* NO973 */ = {isa = PBXFileReference; explicitFileType = "compiled.mach-o.executable"; includeInIndex = 0; path = NO973; sourceTree = BUILT_PRODUCTS_DIR; };
		57DAB32B25592D24008C0997 /* main.c */ = {isa = PBXFileReference; lastKnownFileType = sourcecode.c.c; path = main.c; sourceTree = "<group>"; };
		57DAB34625592DDD008C0997 /* NO973.h */ = {isa = PBXFileReference; lastKnownFileType = sourcecode.c.h; path = NO973.h; sourceTree = "<group>"; };
		57DAB34725592DDD008C0997 /* NO973.c */ = {isa = PBXFileReference; lastKnownFileType = sourcecode.c.c; path = NO973.c; sourceTree = "<group>"; };
		57E5A3882547FC640080A2BE /* LeetCode */ = {isa = PBXFileReference; explicitFileType = "compiled.mach-o.executable"; includeInIndex = 0; path = LeetCode; sourceTree = BUILT_PRODUCTS_DIR; };
		57E5A38B2547FC640080A2BE /* main.c */ = {isa = PBXFileReference; lastKnownFileType = sourcecode.c.c; path = main.c; sourceTree = "<group>"; };
		57E5A3AC25480FD40080A2BE /* NO322 */ = {isa = PBXFileReference; explicitFileType = "compiled.mach-o.executable"; includeInIndex = 0; path = NO322; sourceTree = BUILT_PRODUCTS_DIR; };
		57E5A3AE25480FD40080A2BE /* main.c */ = {isa = PBXFileReference; lastKnownFileType = sourcecode.c.c; path = main.c; sourceTree = "<group>"; };
		57E5A3BC254810630080A2BE /* NO509 */ = {isa = PBXFileReference; explicitFileType = "compiled.mach-o.executable"; includeInIndex = 0; path = NO509; sourceTree = BUILT_PRODUCTS_DIR; };
		57E5A3BE254810630080A2BE /* main.c */ = {isa = PBXFileReference; lastKnownFileType = sourcecode.c.c; path = main.c; sourceTree = "<group>"; };
		57E5A3C9254811F10080A2BE /* NO322.c */ = {isa = PBXFileReference; fileEncoding = 4; lastKnownFileType = sourcecode.c.c; path = NO322.c; sourceTree = "<group>"; };
		57E5A3CA254811F10080A2BE /* NO322.h */ = {isa = PBXFileReference; fileEncoding = 4; lastKnownFileType = sourcecode.c.h; path = NO322.h; sourceTree = "<group>"; };
		57E5A3CF254811FE0080A2BE /* NO509.h */ = {isa = PBXFileReference; lastKnownFileType = sourcecode.c.h; path = NO509.h; sourceTree = "<group>"; };
		57E5A3D0254811FE0080A2BE /* NO509.c */ = {isa = PBXFileReference; lastKnownFileType = sourcecode.c.c; path = NO509.c; sourceTree = "<group>"; };
		57E5A3DC25481B7D0080A2BE /* NO226 */ = {isa = PBXFileReference; explicitFileType = "compiled.mach-o.executable"; includeInIndex = 0; path = NO226; sourceTree = BUILT_PRODUCTS_DIR; };
		57E5A3DE25481B7D0080A2BE /* main.c */ = {isa = PBXFileReference; lastKnownFileType = sourcecode.c.c; path = main.c; sourceTree = "<group>"; };
		57E5A3E725481B8A0080A2BE /* NO226.h */ = {isa = PBXFileReference; lastKnownFileType = sourcecode.c.h; path = NO226.h; sourceTree = "<group>"; };
		57E5A3E825481B8A0080A2BE /* NO226.c */ = {isa = PBXFileReference; lastKnownFileType = sourcecode.c.c; path = NO226.c; sourceTree = "<group>"; };
		57E5A3FE25490BF60080A2BE /* NO114 */ = {isa = PBXFileReference; explicitFileType = "compiled.mach-o.executable"; includeInIndex = 0; path = NO114; sourceTree = BUILT_PRODUCTS_DIR; };
		57E5A40025490BF60080A2BE /* main.c */ = {isa = PBXFileReference; lastKnownFileType = sourcecode.c.c; path = main.c; sourceTree = "<group>"; };
		57E5A40B25490C1A0080A2BE /* NO114.h */ = {isa = PBXFileReference; lastKnownFileType = sourcecode.c.h; path = NO114.h; sourceTree = "<group>"; };
		57E5A40C25490C1A0080A2BE /* NO114.c */ = {isa = PBXFileReference; lastKnownFileType = sourcecode.c.c; path = NO114.c; sourceTree = "<group>"; };
		57E5A41425490C250080A2BE /* TreeNode.h */ = {isa = PBXFileReference; fileEncoding = 4; lastKnownFileType = sourcecode.c.h; path = TreeNode.h; sourceTree = "<group>"; };
		57E5A41525490C250080A2BE /* TreeNode.c */ = {isa = PBXFileReference; fileEncoding = 4; lastKnownFileType = sourcecode.c.c; path = TreeNode.c; sourceTree = "<group>"; };
		57E5A424254A59BD0080A2BE /* Node.h */ = {isa = PBXFileReference; lastKnownFileType = sourcecode.c.h; path = Node.h; sourceTree = "<group>"; };
		57E5A425254A59BD0080A2BE /* Node.c */ = {isa = PBXFileReference; lastKnownFileType = sourcecode.c.c; path = Node.c; sourceTree = "<group>"; };
		57E5A432254A5A710080A2BE /* NO589 */ = {isa = PBXFileReference; explicitFileType = "compiled.mach-o.executable"; includeInIndex = 0; path = NO589; sourceTree = BUILT_PRODUCTS_DIR; };
		57E5A434254A5A720080A2BE /* main.c */ = {isa = PBXFileReference; lastKnownFileType = sourcecode.c.c; path = main.c; sourceTree = "<group>"; };
		57E5A44A254A5AA50080A2BE /* NO589.h */ = {isa = PBXFileReference; lastKnownFileType = sourcecode.c.h; path = NO589.h; sourceTree = "<group>"; };
		57E5A44B254A5AA50080A2BE /* NO589.c */ = {isa = PBXFileReference; lastKnownFileType = sourcecode.c.c; path = NO589.c; sourceTree = "<group>"; };
/* End PBXFileReference section */

/* Begin PBXFrameworksBuildPhase section */
		570D0411254AE82C0061F4FF /* Frameworks */ = {
			isa = PBXFrameworksBuildPhase;
			buildActionMask = 2147483647;
			files = (
			);
			runOnlyForDeploymentPostprocessing = 0;
		};
		570D044F254BF0D20061F4FF /* Frameworks */ = {
			isa = PBXFrameworksBuildPhase;
			buildActionMask = 2147483647;
			files = (
			);
			runOnlyForDeploymentPostprocessing = 0;
		};
		570D049E254C02B70061F4FF /* Frameworks */ = {
			isa = PBXFrameworksBuildPhase;
			buildActionMask = 2147483647;
			files = (
			);
			runOnlyForDeploymentPostprocessing = 0;
		};
		576EBD23254FA96100E81854 /* Frameworks */ = {
			isa = PBXFrameworksBuildPhase;
			buildActionMask = 2147483647;
			files = (
			);
			runOnlyForDeploymentPostprocessing = 0;
		};
		576EBD5725500C1E00E81854 /* Frameworks */ = {
			isa = PBXFrameworksBuildPhase;
			buildActionMask = 2147483647;
			files = (
			);
			runOnlyForDeploymentPostprocessing = 0;
		};
		577A70F12548E7D600880C7F /* Frameworks */ = {
			isa = PBXFrameworksBuildPhase;
			buildActionMask = 2147483647;
			files = (
			);
			runOnlyForDeploymentPostprocessing = 0;
		};
		577A71002549AE0D00880C7F /* Frameworks */ = {
			isa = PBXFrameworksBuildPhase;
			buildActionMask = 2147483647;
			files = (
			);
			runOnlyForDeploymentPostprocessing = 0;
		};
		57DAAFDF25514777008C0997 /* Frameworks */ = {
			isa = PBXFrameworksBuildPhase;
			buildActionMask = 2147483647;
			files = (
			);
			runOnlyForDeploymentPostprocessing = 0;
		};
		57DAB01825515D9E008C0997 /* Frameworks */ = {
			isa = PBXFrameworksBuildPhase;
			buildActionMask = 2147483647;
			files = (
			);
			runOnlyForDeploymentPostprocessing = 0;
		};
		57DAB06325524E0F008C0997 /* Frameworks */ = {
			isa = PBXFrameworksBuildPhase;
			buildActionMask = 2147483647;
			files = (
			);
			runOnlyForDeploymentPostprocessing = 0;
		};
		57DAB12C2552852E008C0997 /* Frameworks */ = {
			isa = PBXFrameworksBuildPhase;
			buildActionMask = 2147483647;
			files = (
			);
			runOnlyForDeploymentPostprocessing = 0;
		};
		57DAB15C2552A52A008C0997 /* Frameworks */ = {
			isa = PBXFrameworksBuildPhase;
			buildActionMask = 2147483647;
			files = (
			);
			runOnlyForDeploymentPostprocessing = 0;
		};
		57DAB2502553EBE9008C0997 /* Frameworks */ = {
			isa = PBXFrameworksBuildPhase;
			buildActionMask = 2147483647;
			files = (
			);
			runOnlyForDeploymentPostprocessing = 0;
		};
		57DAB2842554201C008C0997 /* Frameworks */ = {
			isa = PBXFrameworksBuildPhase;
			buildActionMask = 2147483647;
			files = (
			);
			runOnlyForDeploymentPostprocessing = 0;
		};
		57DAB2EE2554E78E008C0997 /* Frameworks */ = {
			isa = PBXFrameworksBuildPhase;
			buildActionMask = 2147483647;
			files = (
			);
			runOnlyForDeploymentPostprocessing = 0;
		};
		57DAB32625592D24008C0997 /* Frameworks */ = {
			isa = PBXFrameworksBuildPhase;
			buildActionMask = 2147483647;
			files = (
			);
			runOnlyForDeploymentPostprocessing = 0;
		};
		57E5A3852547FC640080A2BE /* Frameworks */ = {
			isa = PBXFrameworksBuildPhase;
			buildActionMask = 2147483647;
			files = (
			);
			runOnlyForDeploymentPostprocessing = 0;
		};
		57E5A3A925480FD40080A2BE /* Frameworks */ = {
			isa = PBXFrameworksBuildPhase;
			buildActionMask = 2147483647;
			files = (
			);
			runOnlyForDeploymentPostprocessing = 0;
		};
		57E5A3B9254810630080A2BE /* Frameworks */ = {
			isa = PBXFrameworksBuildPhase;
			buildActionMask = 2147483647;
			files = (
			);
			runOnlyForDeploymentPostprocessing = 0;
		};
		57E5A3D925481B7D0080A2BE /* Frameworks */ = {
			isa = PBXFrameworksBuildPhase;
			buildActionMask = 2147483647;
			files = (
			);
			runOnlyForDeploymentPostprocessing = 0;
		};
		57E5A3FB25490BF60080A2BE /* Frameworks */ = {
			isa = PBXFrameworksBuildPhase;
			buildActionMask = 2147483647;
			files = (
			);
			runOnlyForDeploymentPostprocessing = 0;
		};
		57E5A42F254A5A710080A2BE /* Frameworks */ = {
			isa = PBXFrameworksBuildPhase;
			buildActionMask = 2147483647;
			files = (
			);
			runOnlyForDeploymentPostprocessing = 0;
		};
/* End PBXFrameworksBuildPhase section */

/* Begin PBXGroup section */
		570D0415254AE82C0061F4FF /* NO129 */ = {
			isa = PBXGroup;
			children = (
				570D0424254AE8370061F4FF /* main.c */,
				570D042F254AE8480061F4FF /* NO129.h */,
				570D0430254AE8480061F4FF /* NO129.c */,
			);
			path = NO129;
			sourceTree = "<group>";
		};
		570D0453254BF0D20061F4FF /* NO112 */ = {
			isa = PBXGroup;
			children = (
				570D0454254BF0D20061F4FF /* main.c */,
				570D0463254BF0E80061F4FF /* NO112.h */,
				570D0464254BF0E80061F4FF /* NO112.c */,
			);
			path = NO112;
			sourceTree = "<group>";
		};
		570D04A2254C02B70061F4FF /* NO463 */ = {
			isa = PBXGroup;
			children = (
				570D04A3254C02B70061F4FF /* main.c */,
				570D04B3254C02C90061F4FF /* NO463.h */,
				570D04B4254C02C90061F4FF /* NO463.c */,
			);
			path = NO463;
			sourceTree = "<group>";
		};
		576EBD27254FA96100E81854 /* NO349 */ = {
			isa = PBXGroup;
			children = (
				576EBD49254FB21C00E81854 /* uthash.h */,
				576EBD28254FA96100E81854 /* main.c */,
				576EBD39254FA9C300E81854 /* NO349.h */,
				576EBD3A254FA9C400E81854 /* NO349.c */,
			);
			path = NO349;
			sourceTree = "<group>";
		};
		576EBD5B25500C1E00E81854 /* NO46 */ = {
			isa = PBXGroup;
			children = (
				576EBD5C25500C1E00E81854 /* main.c */,
				576EBD6E25500C2C00E81854 /* NO46.h */,
				576EBD6F25500C2C00E81854 /* NO46.c */,
			);
			path = NO46;
			sourceTree = "<group>";
		};
		577A70F52548E7D600880C7F /* NO1207 */ = {
			isa = PBXGroup;
			children = (
				577A70FE2548F49C00880C7F /* uthash.h */,
				577A70F62548E7D600880C7F /* main.c */,
				577A70FB2548E7E200880C7F /* NO1207.h */,
				577A70FC2548E7E200880C7F /* NO1207.c */,
			);
			path = NO1207;
			sourceTree = "<group>";
		};
		577A71042549AE0D00880C7F /* NO144 */ = {
			isa = PBXGroup;
			children = (
				577A71052549AE0D00880C7F /* main.c */,
				577A71112549B08800880C7F /* NO144.h */,
				577A71122549B08800880C7F /* NO144.c */,
			);
			path = NO144;
			sourceTree = "<group>";
		};
		57DAAFE325514777008C0997 /* NO94 */ = {
			isa = PBXGroup;
			children = (
				57DAAFE425514777008C0997 /* main.c */,
				57DAB00625514792008C0997 /* NO94.h */,
				57DAB00725514792008C0997 /* NO94.c */,
			);
			path = NO94;
			sourceTree = "<group>";
		};
		57DAB01C25515D9E008C0997 /* NO145 */ = {
			isa = PBXGroup;
			children = (
				57DAB01D25515D9E008C0997 /* main.c */,
				57DAB03125515DAB008C0997 /* NO145.h */,
				57DAB03225515DAB008C0997 /* NO145.c */,
			);
			path = NO145;
			sourceTree = "<group>";
		};
		57DAB06725524E0F008C0997 /* NO102 */ = {
			isa = PBXGroup;
			children = (
				57DAB06825524E0F008C0997 /* main.c */,
				57DAB08E25524E22008C0997 /* NO102.h */,
				57DAB08F25524E22008C0997 /* NO102.c */,
			);
			path = NO102;
			sourceTree = "<group>";
		};
		57DAB1302552852E008C0997 /* NO57 */ = {
			isa = PBXGroup;
			children = (
				57DAB1312552852E008C0997 /* main.c */,
				57DAB14725528538008C0997 /* NO57.h */,
				57DAB14825528538008C0997 /* NO57.c */,
			);
			path = NO57;
			sourceTree = "<group>";
		};
		57DAB1602552A52A008C0997 /* NO107 */ = {
			isa = PBXGroup;
			children = (
				57DAB1612552A52A008C0997 /* main.c */,
				57DAB1782552A534008C0997 /* NO107.h */,
				57DAB1792552A534008C0997 /* NO107.c */,
			);
			path = NO107;
			sourceTree = "<group>";
		};
		57DAB2542553EBE9008C0997 /* NO127 */ = {
			isa = PBXGroup;
			children = (
				57DAB2552553EBE9008C0997 /* main.c */,
				57DAB26D2553EBF7008C0997 /* NO127.h */,
				57DAB26E2553EBF7008C0997 /* NO127.c */,
			);
			path = NO127;
			sourceTree = "<group>";
		};
		57DAB2882554201C008C0997 /* NO51 */ = {
			isa = PBXGroup;
			children = (
				57DAB2892554201C008C0997 /* main.c */,
				57DAB2A225542027008C0997 /* NO51.h */,
				57DAB2A325542027008C0997 /* NO51.c */,
			);
			path = NO51;
			sourceTree = "<group>";
		};
		57DAB2F22554E78E008C0997 /* NO1356 */ = {
			isa = PBXGroup;
			children = (
				57DAB2F32554E78E008C0997 /* main.c */,
				57DAB30D2554E79A008C0997 /* NO1356.h */,
				57DAB30E2554E79A008C0997 /* NO1356.c */,
			);
			path = NO1356;
			sourceTree = "<group>";
		};
		57DAB32A25592D24008C0997 /* NO973 */ = {
			isa = PBXGroup;
			children = (
				57DAB32B25592D24008C0997 /* main.c */,
				57DAB34625592DDD008C0997 /* NO973.h */,
				57DAB34725592DDD008C0997 /* NO973.c */,
			);
			path = NO973;
			sourceTree = "<group>";
		};
		57E5A37F2547FC640080A2BE = {
			isa = PBXGroup;
			children = (
				57E5A38A2547FC640080A2BE /* LeetCode */,
				576EBD5B25500C1E00E81854 /* NO46 */,
				57DAB2882554201C008C0997 /* NO51 */,
				57DAB1302552852E008C0997 /* NO57 */,
				57DAAFE325514777008C0997 /* NO94 */,
				57DAB06725524E0F008C0997 /* NO102 */,
				57DAB1602552A52A008C0997 /* NO107 */,
				570D0453254BF0D20061F4FF /* NO112 */,
				57E5A3FF25490BF60080A2BE /* NO114 */,
				57DAB2542553EBE9008C0997 /* NO127 */,
				570D0415254AE82C0061F4FF /* NO129 */,
				577A71042549AE0D00880C7F /* NO144 */,
				57DAB01C25515D9E008C0997 /* NO145 */,
				57E5A3DD25481B7D0080A2BE /* NO226 */,
				57E5A3AD25480FD40080A2BE /* NO322 */,
				576EBD27254FA96100E81854 /* NO349 */,
				570D04A2254C02B70061F4FF /* NO463 */,
				57E5A3BD254810630080A2BE /* NO509 */,
				57E5A433254A5A710080A2BE /* NO589 */,
				57DAB32A25592D24008C0997 /* NO973 */,
				577A70F52548E7D600880C7F /* NO1207 */,
				57DAB2F22554E78E008C0997 /* NO1356 */,
				57E5A3892547FC640080A2BE /* Products */,
			);
			sourceTree = "<group>";
		};
		57E5A3892547FC640080A2BE /* Products */ = {
			isa = PBXGroup;
			children = (
				57E5A3882547FC640080A2BE /* LeetCode */,
				57E5A3AC25480FD40080A2BE /* NO322 */,
				57E5A3BC254810630080A2BE /* NO509 */,
				57E5A3DC25481B7D0080A2BE /* NO226 */,
				577A70F42548E7D600880C7F /* NO1207 */,
				57E5A3FE25490BF60080A2BE /* NO114 */,
				577A71032549AE0D00880C7F /* NO144 */,
				57E5A432254A5A710080A2BE /* NO589 */,
				570D0414254AE82C0061F4FF /* NO129 */,
				570D0452254BF0D20061F4FF /* NO112 */,
				570D04A1254C02B70061F4FF /* NO463 */,
				576EBD26254FA96100E81854 /* NO349 */,
				576EBD5A25500C1E00E81854 /* NO46 */,
				57DAAFE225514777008C0997 /* NO94 */,
				57DAB01B25515D9E008C0997 /* NO145 */,
				57DAB06625524E0F008C0997 /* NO102 */,
				57DAB12F2552852E008C0997 /* NO57 */,
				57DAB15F2552A52A008C0997 /* NO107 */,
				57DAB2532553EBE9008C0997 /* NO127 */,
				57DAB2872554201C008C0997 /* NO51 */,
				57DAB2F12554E78E008C0997 /* NO1356 */,
				57DAB32925592D24008C0997 /* NO973 */,
			);
			name = Products;
			sourceTree = "<group>";
		};
		57E5A38A2547FC640080A2BE /* LeetCode */ = {
			isa = PBXGroup;
			children = (
				57E5A38B2547FC640080A2BE /* main.c */,
				57E5A41425490C250080A2BE /* TreeNode.h */,
				57E5A41525490C250080A2BE /* TreeNode.c */,
				570D047A254BF1820061F4FF /* TreeQueueNode.h */,
				570D047B254BF1820061F4FF /* TreeQueueNode.c */,
				57E5A424254A59BD0080A2BE /* Node.h */,
				57E5A425254A59BD0080A2BE /* Node.c */,
			);
			path = LeetCode;
			sourceTree = "<group>";
		};
		57E5A3AD25480FD40080A2BE /* NO322 */ = {
			isa = PBXGroup;
			children = (
				57E5A3AE25480FD40080A2BE /* main.c */,
				57E5A3CA254811F10080A2BE /* NO322.h */,
				57E5A3C9254811F10080A2BE /* NO322.c */,
			);
			path = NO322;
			sourceTree = "<group>";
		};
		57E5A3BD254810630080A2BE /* NO509 */ = {
			isa = PBXGroup;
			children = (
				57E5A3BE254810630080A2BE /* main.c */,
				57E5A3CF254811FE0080A2BE /* NO509.h */,
				57E5A3D0254811FE0080A2BE /* NO509.c */,
			);
			path = NO509;
			sourceTree = "<group>";
		};
		57E5A3DD25481B7D0080A2BE /* NO226 */ = {
			isa = PBXGroup;
			children = (
				57E5A3DE25481B7D0080A2BE /* main.c */,
				57E5A3E725481B8A0080A2BE /* NO226.h */,
				57E5A3E825481B8A0080A2BE /* NO226.c */,
			);
			path = NO226;
			sourceTree = "<group>";
		};
		57E5A3FF25490BF60080A2BE /* NO114 */ = {
			isa = PBXGroup;
			children = (
				57E5A40025490BF60080A2BE /* main.c */,
				57E5A40B25490C1A0080A2BE /* NO114.h */,
				57E5A40C25490C1A0080A2BE /* NO114.c */,
			);
			path = NO114;
			sourceTree = "<group>";
		};
		57E5A433254A5A710080A2BE /* NO589 */ = {
			isa = PBXGroup;
			children = (
				57E5A434254A5A720080A2BE /* main.c */,
				57E5A44A254A5AA50080A2BE /* NO589.h */,
				57E5A44B254A5AA50080A2BE /* NO589.c */,
			);
			path = NO589;
			sourceTree = "<group>";
		};
/* End PBXGroup section */

/* Begin PBXNativeTarget section */
		570D0413254AE82C0061F4FF /* NO129 */ = {
			isa = PBXNativeTarget;
			buildConfigurationList = 570D0418254AE82C0061F4FF /* Build configuration list for PBXNativeTarget "NO129" */;
			buildPhases = (
				570D0410254AE82C0061F4FF /* Sources */,
				570D0411254AE82C0061F4FF /* Frameworks */,
				570D0412254AE82C0061F4FF /* CopyFiles */,
			);
			buildRules = (
			);
			dependencies = (
			);
			name = NO129;
			productName = NO129;
			productReference = 570D0414254AE82C0061F4FF /* NO129 */;
			productType = "com.apple.product-type.tool";
		};
		570D0451254BF0D20061F4FF /* NO112 */ = {
			isa = PBXNativeTarget;
			buildConfigurationList = 570D0456254BF0D20061F4FF /* Build configuration list for PBXNativeTarget "NO112" */;
			buildPhases = (
				570D044E254BF0D20061F4FF /* Sources */,
				570D044F254BF0D20061F4FF /* Frameworks */,
				570D0450254BF0D20061F4FF /* CopyFiles */,
			);
			buildRules = (
			);
			dependencies = (
			);
			name = NO112;
			productName = NO112;
			productReference = 570D0452254BF0D20061F4FF /* NO112 */;
			productType = "com.apple.product-type.tool";
		};
		570D04A0254C02B70061F4FF /* NO463 */ = {
			isa = PBXNativeTarget;
			buildConfigurationList = 570D04A5254C02B70061F4FF /* Build configuration list for PBXNativeTarget "NO463" */;
			buildPhases = (
				570D049D254C02B70061F4FF /* Sources */,
				570D049E254C02B70061F4FF /* Frameworks */,
				570D049F254C02B70061F4FF /* CopyFiles */,
			);
			buildRules = (
			);
			dependencies = (
			);
			name = NO463;
			productName = NO463;
			productReference = 570D04A1254C02B70061F4FF /* NO463 */;
			productType = "com.apple.product-type.tool";
		};
		576EBD25254FA96100E81854 /* NO349 */ = {
			isa = PBXNativeTarget;
			buildConfigurationList = 576EBD2C254FA96100E81854 /* Build configuration list for PBXNativeTarget "NO349" */;
			buildPhases = (
				576EBD22254FA96100E81854 /* Sources */,
				576EBD23254FA96100E81854 /* Frameworks */,
				576EBD24254FA96100E81854 /* CopyFiles */,
			);
			buildRules = (
			);
			dependencies = (
			);
			name = NO349;
			productName = NO349;
			productReference = 576EBD26254FA96100E81854 /* NO349 */;
			productType = "com.apple.product-type.tool";
		};
		576EBD5925500C1E00E81854 /* NO46 */ = {
			isa = PBXNativeTarget;
			buildConfigurationList = 576EBD5E25500C1E00E81854 /* Build configuration list for PBXNativeTarget "NO46" */;
			buildPhases = (
				576EBD5625500C1E00E81854 /* Sources */,
				576EBD5725500C1E00E81854 /* Frameworks */,
				576EBD5825500C1E00E81854 /* CopyFiles */,
			);
			buildRules = (
			);
			dependencies = (
			);
			name = NO46;
			productName = NO46;
			productReference = 576EBD5A25500C1E00E81854 /* NO46 */;
			productType = "com.apple.product-type.tool";
		};
		577A70F32548E7D600880C7F /* NO1207 */ = {
			isa = PBXNativeTarget;
			buildConfigurationList = 577A70FA2548E7D600880C7F /* Build configuration list for PBXNativeTarget "NO1207" */;
			buildPhases = (
				577A70F02548E7D600880C7F /* Sources */,
				577A70F12548E7D600880C7F /* Frameworks */,
				577A70F22548E7D600880C7F /* CopyFiles */,
			);
			buildRules = (
			);
			dependencies = (
			);
			name = NO1207;
			productName = NO1207;
			productReference = 577A70F42548E7D600880C7F /* NO1207 */;
			productType = "com.apple.product-type.tool";
		};
		577A71022549AE0D00880C7F /* NO144 */ = {
			isa = PBXNativeTarget;
			buildConfigurationList = 577A71092549AE0D00880C7F /* Build configuration list for PBXNativeTarget "NO144" */;
			buildPhases = (
				577A70FF2549AE0D00880C7F /* Sources */,
				577A71002549AE0D00880C7F /* Frameworks */,
				577A71012549AE0D00880C7F /* CopyFiles */,
			);
			buildRules = (
			);
			dependencies = (
			);
			name = NO144;
			productName = NO144;
			productReference = 577A71032549AE0D00880C7F /* NO144 */;
			productType = "com.apple.product-type.tool";
		};
		57DAAFE125514777008C0997 /* NO94 */ = {
			isa = PBXNativeTarget;
			buildConfigurationList = 57DAAFE825514777008C0997 /* Build configuration list for PBXNativeTarget "NO94" */;
			buildPhases = (
				57DAAFDE25514777008C0997 /* Sources */,
				57DAAFDF25514777008C0997 /* Frameworks */,
				57DAAFE025514777008C0997 /* CopyFiles */,
			);
			buildRules = (
			);
			dependencies = (
			);
			name = NO94;
			productName = NO94;
			productReference = 57DAAFE225514777008C0997 /* NO94 */;
			productType = "com.apple.product-type.tool";
		};
		57DAB01A25515D9E008C0997 /* NO145 */ = {
			isa = PBXNativeTarget;
			buildConfigurationList = 57DAB01F25515D9F008C0997 /* Build configuration list for PBXNativeTarget "NO145" */;
			buildPhases = (
				57DAB01725515D9E008C0997 /* Sources */,
				57DAB01825515D9E008C0997 /* Frameworks */,
				57DAB01925515D9E008C0997 /* CopyFiles */,
			);
			buildRules = (
			);
			dependencies = (
			);
			name = NO145;
			productName = NO145;
			productReference = 57DAB01B25515D9E008C0997 /* NO145 */;
			productType = "com.apple.product-type.tool";
		};
		57DAB06525524E0F008C0997 /* NO102 */ = {
			isa = PBXNativeTarget;
			buildConfigurationList = 57DAB06A25524E0F008C0997 /* Build configuration list for PBXNativeTarget "NO102" */;
			buildPhases = (
				57DAB06225524E0F008C0997 /* Sources */,
				57DAB06325524E0F008C0997 /* Frameworks */,
				57DAB06425524E0F008C0997 /* CopyFiles */,
			);
			buildRules = (
			);
			dependencies = (
			);
			name = NO102;
			productName = NO102;
			productReference = 57DAB06625524E0F008C0997 /* NO102 */;
			productType = "com.apple.product-type.tool";
		};
		57DAB12E2552852E008C0997 /* NO57 */ = {
			isa = PBXNativeTarget;
			buildConfigurationList = 57DAB1332552852E008C0997 /* Build configuration list for PBXNativeTarget "NO57" */;
			buildPhases = (
				57DAB12B2552852E008C0997 /* Sources */,
				57DAB12C2552852E008C0997 /* Frameworks */,
				57DAB12D2552852E008C0997 /* CopyFiles */,
			);
			buildRules = (
			);
			dependencies = (
			);
			name = NO57;
			productName = NO57;
			productReference = 57DAB12F2552852E008C0997 /* NO57 */;
			productType = "com.apple.product-type.tool";
		};
		57DAB15E2552A52A008C0997 /* NO107 */ = {
			isa = PBXNativeTarget;
			buildConfigurationList = 57DAB1632552A52A008C0997 /* Build configuration list for PBXNativeTarget "NO107" */;
			buildPhases = (
				57DAB15B2552A52A008C0997 /* Sources */,
				57DAB15C2552A52A008C0997 /* Frameworks */,
				57DAB15D2552A52A008C0997 /* CopyFiles */,
			);
			buildRules = (
			);
			dependencies = (
			);
			name = NO107;
			productName = NO107;
			productReference = 57DAB15F2552A52A008C0997 /* NO107 */;
			productType = "com.apple.product-type.tool";
		};
		57DAB2522553EBE9008C0997 /* NO127 */ = {
			isa = PBXNativeTarget;
			buildConfigurationList = 57DAB2572553EBE9008C0997 /* Build configuration list for PBXNativeTarget "NO127" */;
			buildPhases = (
				57DAB24F2553EBE9008C0997 /* Sources */,
				57DAB2502553EBE9008C0997 /* Frameworks */,
				57DAB2512553EBE9008C0997 /* CopyFiles */,
			);
			buildRules = (
			);
			dependencies = (
			);
			name = NO127;
			productName = NO127;
			productReference = 57DAB2532553EBE9008C0997 /* NO127 */;
			productType = "com.apple.product-type.tool";
		};
		57DAB2862554201C008C0997 /* NO51 */ = {
			isa = PBXNativeTarget;
			buildConfigurationList = 57DAB28B2554201C008C0997 /* Build configuration list for PBXNativeTarget "NO51" */;
			buildPhases = (
				57DAB2832554201C008C0997 /* Sources */,
				57DAB2842554201C008C0997 /* Frameworks */,
				57DAB2852554201C008C0997 /* CopyFiles */,
			);
			buildRules = (
			);
			dependencies = (
			);
			name = NO51;
			productName = NO51;
			productReference = 57DAB2872554201C008C0997 /* NO51 */;
			productType = "com.apple.product-type.tool";
		};
		57DAB2F02554E78E008C0997 /* NO1356 */ = {
			isa = PBXNativeTarget;
			buildConfigurationList = 57DAB2F72554E78E008C0997 /* Build configuration list for PBXNativeTarget "NO1356" */;
			buildPhases = (
				57DAB2ED2554E78E008C0997 /* Sources */,
				57DAB2EE2554E78E008C0997 /* Frameworks */,
				57DAB2EF2554E78E008C0997 /* CopyFiles */,
			);
			buildRules = (
			);
			dependencies = (
			);
			name = NO1356;
			productName = NO1356;
			productReference = 57DAB2F12554E78E008C0997 /* NO1356 */;
			productType = "com.apple.product-type.tool";
		};
		57DAB32825592D24008C0997 /* NO973 */ = {
			isa = PBXNativeTarget;
			buildConfigurationList = 57DAB32D25592D24008C0997 /* Build configuration list for PBXNativeTarget "NO973" */;
			buildPhases = (
				57DAB32525592D24008C0997 /* Sources */,
				57DAB32625592D24008C0997 /* Frameworks */,
				57DAB32725592D24008C0997 /* CopyFiles */,
			);
			buildRules = (
			);
			dependencies = (
			);
			name = NO973;
			productName = NO973;
			productReference = 57DAB32925592D24008C0997 /* NO973 */;
			productType = "com.apple.product-type.tool";
		};
		57E5A3872547FC640080A2BE /* LeetCode */ = {
			isa = PBXNativeTarget;
			buildConfigurationList = 57E5A38F2547FC640080A2BE /* Build configuration list for PBXNativeTarget "LeetCode" */;
			buildPhases = (
				57E5A3842547FC640080A2BE /* Sources */,
				57E5A3852547FC640080A2BE /* Frameworks */,
				57E5A3862547FC640080A2BE /* CopyFiles */,
			);
			buildRules = (
			);
			dependencies = (
			);
			name = LeetCode;
			productName = LeetCode;
			productReference = 57E5A3882547FC640080A2BE /* LeetCode */;
			productType = "com.apple.product-type.tool";
		};
		57E5A3AB25480FD40080A2BE /* NO322 */ = {
			isa = PBXNativeTarget;
			buildConfigurationList = 57E5A3B025480FD40080A2BE /* Build configuration list for PBXNativeTarget "NO322" */;
			buildPhases = (
				57E5A3A825480FD40080A2BE /* Sources */,
				57E5A3A925480FD40080A2BE /* Frameworks */,
				57E5A3AA25480FD40080A2BE /* CopyFiles */,
			);
			buildRules = (
			);
			dependencies = (
			);
			name = NO322;
			productName = NO322;
			productReference = 57E5A3AC25480FD40080A2BE /* NO322 */;
			productType = "com.apple.product-type.tool";
		};
		57E5A3BB254810630080A2BE /* NO509 */ = {
			isa = PBXNativeTarget;
			buildConfigurationList = 57E5A3C0254810630080A2BE /* Build configuration list for PBXNativeTarget "NO509" */;
			buildPhases = (
				57E5A3B8254810630080A2BE /* Sources */,
				57E5A3B9254810630080A2BE /* Frameworks */,
				57E5A3BA254810630080A2BE /* CopyFiles */,
			);
			buildRules = (
			);
			dependencies = (
			);
			name = NO509;
			productName = NO509;
			productReference = 57E5A3BC254810630080A2BE /* NO509 */;
			productType = "com.apple.product-type.tool";
		};
		57E5A3DB25481B7D0080A2BE /* NO226 */ = {
			isa = PBXNativeTarget;
			buildConfigurationList = 57E5A3E025481B7D0080A2BE /* Build configuration list for PBXNativeTarget "NO226" */;
			buildPhases = (
				57E5A3D825481B7D0080A2BE /* Sources */,
				57E5A3D925481B7D0080A2BE /* Frameworks */,
				57E5A3DA25481B7D0080A2BE /* CopyFiles */,
			);
			buildRules = (
			);
			dependencies = (
			);
			name = NO226;
			productName = NO226;
			productReference = 57E5A3DC25481B7D0080A2BE /* NO226 */;
			productType = "com.apple.product-type.tool";
		};
		57E5A3FD25490BF60080A2BE /* NO114 */ = {
			isa = PBXNativeTarget;
			buildConfigurationList = 57E5A40425490BF60080A2BE /* Build configuration list for PBXNativeTarget "NO114" */;
			buildPhases = (
				57E5A3FA25490BF60080A2BE /* Sources */,
				57E5A3FB25490BF60080A2BE /* Frameworks */,
				57E5A3FC25490BF60080A2BE /* CopyFiles */,
			);
			buildRules = (
			);
			dependencies = (
			);
			name = NO114;
			productName = NO114;
			productReference = 57E5A3FE25490BF60080A2BE /* NO114 */;
			productType = "com.apple.product-type.tool";
		};
		57E5A431254A5A710080A2BE /* NO589 */ = {
			isa = PBXNativeTarget;
			buildConfigurationList = 57E5A436254A5A720080A2BE /* Build configuration list for PBXNativeTarget "NO589" */;
			buildPhases = (
				57E5A42E254A5A710080A2BE /* Sources */,
				57E5A42F254A5A710080A2BE /* Frameworks */,
				57E5A430254A5A710080A2BE /* CopyFiles */,
			);
			buildRules = (
			);
			dependencies = (
			);
			name = NO589;
			productName = NO589;
			productReference = 57E5A432254A5A710080A2BE /* NO589 */;
			productType = "com.apple.product-type.tool";
		};
/* End PBXNativeTarget section */

/* Begin PBXProject section */
		57E5A3802547FC640080A2BE /* Project object */ = {
			isa = PBXProject;
			attributes = {
				LastUpgradeCheck = 1200;
				TargetAttributes = {
					570D0413254AE82C0061F4FF = {
						CreatedOnToolsVersion = 12.0.1;
					};
					570D0451254BF0D20061F4FF = {
						CreatedOnToolsVersion = 12.0.1;
					};
					570D04A0254C02B70061F4FF = {
						CreatedOnToolsVersion = 12.0.1;
					};
					576EBD25254FA96100E81854 = {
						CreatedOnToolsVersion = 12.0.1;
					};
					576EBD5925500C1E00E81854 = {
						CreatedOnToolsVersion = 12.0.1;
					};
					577A70F32548E7D600880C7F = {
						CreatedOnToolsVersion = 11.6;
					};
					577A71022549AE0D00880C7F = {
						CreatedOnToolsVersion = 11.6;
					};
					57DAAFE125514777008C0997 = {
						CreatedOnToolsVersion = 12.1;
					};
					57DAB01A25515D9E008C0997 = {
						CreatedOnToolsVersion = 12.1;
					};
					57DAB06525524E0F008C0997 = {
						CreatedOnToolsVersion = 12.1;
					};
					57DAB12E2552852E008C0997 = {
						CreatedOnToolsVersion = 12.1;
					};
					57DAB15E2552A52A008C0997 = {
						CreatedOnToolsVersion = 12.1;
					};
					57DAB2522553EBE9008C0997 = {
						CreatedOnToolsVersion = 12.1;
					};
					57DAB2862554201C008C0997 = {
						CreatedOnToolsVersion = 12.1;
					};
					57DAB2F02554E78E008C0997 = {
						CreatedOnToolsVersion = 12.1;
					};
					57DAB32825592D24008C0997 = {
						CreatedOnToolsVersion = 12.1;
					};
					57E5A3872547FC640080A2BE = {
						CreatedOnToolsVersion = 12.0.1;
					};
					57E5A3AB25480FD40080A2BE = {
						CreatedOnToolsVersion = 12.0.1;
					};
					57E5A3BB254810630080A2BE = {
						CreatedOnToolsVersion = 12.0.1;
					};
					57E5A3DB25481B7D0080A2BE = {
						CreatedOnToolsVersion = 12.0.1;
					};
					57E5A3FD25490BF60080A2BE = {
						CreatedOnToolsVersion = 12.0.1;
					};
					57E5A431254A5A710080A2BE = {
						CreatedOnToolsVersion = 12.0.1;
					};
				};
			};
			buildConfigurationList = 57E5A3832547FC640080A2BE /* Build configuration list for PBXProject "LeetCode" */;
			compatibilityVersion = "Xcode 9.3";
			developmentRegion = en;
			hasScannedForEncodings = 0;
			knownRegions = (
				en,
				Base,
			);
			mainGroup = 57E5A37F2547FC640080A2BE;
			productRefGroup = 57E5A3892547FC640080A2BE /* Products */;
			projectDirPath = "";
			projectRoot = "";
			targets = (
				57E5A3872547FC640080A2BE /* LeetCode */,
				57E5A3AB25480FD40080A2BE /* NO322 */,
				57E5A3BB254810630080A2BE /* NO509 */,
				57E5A3DB25481B7D0080A2BE /* NO226 */,
				577A70F32548E7D600880C7F /* NO1207 */,
				57E5A3FD25490BF60080A2BE /* NO114 */,
				577A71022549AE0D00880C7F /* NO144 */,
				57E5A431254A5A710080A2BE /* NO589 */,
				570D0413254AE82C0061F4FF /* NO129 */,
				570D0451254BF0D20061F4FF /* NO112 */,
				570D04A0254C02B70061F4FF /* NO463 */,
				576EBD25254FA96100E81854 /* NO349 */,
				576EBD5925500C1E00E81854 /* NO46 */,
				57DAAFE125514777008C0997 /* NO94 */,
				57DAB01A25515D9E008C0997 /* NO145 */,
				57DAB06525524E0F008C0997 /* NO102 */,
				57DAB12E2552852E008C0997 /* NO57 */,
				57DAB15E2552A52A008C0997 /* NO107 */,
				57DAB2522553EBE9008C0997 /* NO127 */,
				57DAB2862554201C008C0997 /* NO51 */,
				57DAB2F02554E78E008C0997 /* NO1356 */,
				57DAB32825592D24008C0997 /* NO973 */,
			);
		};
/* End PBXProject section */

/* Begin PBXSourcesBuildPhase section */
		570D0410254AE82C0061F4FF /* Sources */ = {
			isa = PBXSourcesBuildPhase;
			buildActionMask = 2147483647;
			files = (
				570D0444254AEA120061F4FF /* TreeNode.c in Sources */,
				570D0425254AE8370061F4FF /* main.c in Sources */,
				570D0431254AE8480061F4FF /* NO129.c in Sources */,
			);
			runOnlyForDeploymentPostprocessing = 0;
		};
		570D044E254BF0D20061F4FF /* Sources */ = {
			isa = PBXSourcesBuildPhase;
			buildActionMask = 2147483647;
			files = (
				570D0491254BF2540061F4FF /* TreeNode.c in Sources */,
				570D0492254BF2540061F4FF /* TreeQueueNode.c in Sources */,
				570D0455254BF0D20061F4FF /* main.c in Sources */,
				570D0465254BF0E80061F4FF /* NO112.c in Sources */,
			);
			runOnlyForDeploymentPostprocessing = 0;
		};
		570D049D254C02B70061F4FF /* Sources */ = {
			isa = PBXSourcesBuildPhase;
			buildActionMask = 2147483647;
			files = (
				570D04B5254C02C90061F4FF /* NO463.c in Sources */,
				570D04A4254C02B70061F4FF /* main.c in Sources */,
			);
			runOnlyForDeploymentPostprocessing = 0;
		};
		576EBD22254FA96100E81854 /* Sources */ = {
			isa = PBXSourcesBuildPhase;
			buildActionMask = 2147483647;
			files = (
				576EBD29254FA96100E81854 /* main.c in Sources */,
				576EBD3B254FA9C400E81854 /* NO349.c in Sources */,
			);
			runOnlyForDeploymentPostprocessing = 0;
		};
		576EBD5625500C1E00E81854 /* Sources */ = {
			isa = PBXSourcesBuildPhase;
			buildActionMask = 2147483647;
			files = (
				576EBD7025500C2C00E81854 /* NO46.c in Sources */,
				576EBD5D25500C1E00E81854 /* main.c in Sources */,
			);
			runOnlyForDeploymentPostprocessing = 0;
		};
		577A70F02548E7D600880C7F /* Sources */ = {
			isa = PBXSourcesBuildPhase;
			buildActionMask = 2147483647;
			files = (
				577A70FD2548E7E200880C7F /* NO1207.c in Sources */,
				577A70F72548E7D600880C7F /* main.c in Sources */,
			);
			runOnlyForDeploymentPostprocessing = 0;
		};
		577A70FF2549AE0D00880C7F /* Sources */ = {
			isa = PBXSourcesBuildPhase;
			buildActionMask = 2147483647;
			files = (
				577A71132549B08800880C7F /* NO144.c in Sources */,
				577A71062549AE0D00880C7F /* main.c in Sources */,
				577A710B2549AF2B00880C7F /* TreeNode.c in Sources */,
			);
			runOnlyForDeploymentPostprocessing = 0;
		};
		57DAAFDE25514777008C0997 /* Sources */ = {
			isa = PBXSourcesBuildPhase;
			buildActionMask = 2147483647;
			files = (
				57DAAFE525514777008C0997 /* main.c in Sources */,
				57DAAFF725514781008C0997 /* TreeNode.c in Sources */,
				57DAB00825514792008C0997 /* NO94.c in Sources */,
			);
			runOnlyForDeploymentPostprocessing = 0;
		};
		57DAB01725515D9E008C0997 /* Sources */ = {
			isa = PBXSourcesBuildPhase;
			buildActionMask = 2147483647;
			files = (
				57DAB04325515DC7008C0997 /* TreeNode.c in Sources */,
				57DAB01E25515D9F008C0997 /* main.c in Sources */,
				57DAB03325515DAB008C0997 /* NO145.c in Sources */,
			);
			runOnlyForDeploymentPostprocessing = 0;
		};
		57DAB06225524E0F008C0997 /* Sources */ = {
			isa = PBXSourcesBuildPhase;
			buildActionMask = 2147483647;
			files = (
				57DAB09025524E22008C0997 /* NO102.c in Sources */,
				57DAB07D25524E16008C0997 /* TreeNode.c in Sources */,
				57DAB06925524E0F008C0997 /* main.c in Sources */,
			);
			runOnlyForDeploymentPostprocessing = 0;
		};
		57DAB12B2552852E008C0997 /* Sources */ = {
			isa = PBXSourcesBuildPhase;
			buildActionMask = 2147483647;
			files = (
				57DAB14925528538008C0997 /* NO57.c in Sources */,
				57DAB1322552852E008C0997 /* main.c in Sources */,
			);
			runOnlyForDeploymentPostprocessing = 0;
		};
		57DAB15B2552A52A008C0997 /* Sources */ = {
			isa = PBXSourcesBuildPhase;
			buildActionMask = 2147483647;
			files = (
				57DAB1B22552A55B008C0997 /* TreeNode.c in Sources */,
				57DAB1622552A52A008C0997 /* main.c in Sources */,
				57DAB17A2552A534008C0997 /* NO107.c in Sources */,
			);
			runOnlyForDeploymentPostprocessing = 0;
		};
		57DAB24F2553EBE9008C0997 /* Sources */ = {
			isa = PBXSourcesBuildPhase;
			buildActionMask = 2147483647;
			files = (
				57DAB2562553EBE9008C0997 /* main.c in Sources */,
				57DAB26F2553EBF7008C0997 /* NO127.c in Sources */,
			);
			runOnlyForDeploymentPostprocessing = 0;
		};
		57DAB2832554201C008C0997 /* Sources */ = {
			isa = PBXSourcesBuildPhase;
			buildActionMask = 2147483647;
			files = (
				57DAB2A425542027008C0997 /* NO51.c in Sources */,
				57DAB28A2554201C008C0997 /* main.c in Sources */,
			);
			runOnlyForDeploymentPostprocessing = 0;
		};
		57DAB2ED2554E78E008C0997 /* Sources */ = {
			isa = PBXSourcesBuildPhase;
			buildActionMask = 2147483647;
			files = (
				57DAB2F42554E78E008C0997 /* main.c in Sources */,
				57DAB30F2554E79A008C0997 /* NO1356.c in Sources */,
			);
			runOnlyForDeploymentPostprocessing = 0;
		};
		57DAB32525592D24008C0997 /* Sources */ = {
			isa = PBXSourcesBuildPhase;
			buildActionMask = 2147483647;
			files = (
				57DAB34825592DDD008C0997 /* NO973.c in Sources */,
				57DAB32C25592D24008C0997 /* main.c in Sources */,
			);
			runOnlyForDeploymentPostprocessing = 0;
		};
		57E5A3842547FC640080A2BE /* Sources */ = {
			isa = PBXSourcesBuildPhase;
			buildActionMask = 2147483647;
			files = (
				57E5A426254A59BD0080A2BE /* Node.c in Sources */,
				57E5A38C2547FC640080A2BE /* main.c in Sources */,
				577A710A2549AF1D00880C7F /* TreeNode.c in Sources */,
				570D047C254BF1820061F4FF /* TreeQueueNode.c in Sources */,
			);
			runOnlyForDeploymentPostprocessing = 0;
		};
		57E5A3A825480FD40080A2BE /* Sources */ = {
			isa = PBXSourcesBuildPhase;
			buildActionMask = 2147483647;
			files = (
				57E5A3CB254811F10080A2BE /* NO322.c in Sources */,
				57E5A3AF25480FD40080A2BE /* main.c in Sources */,
			);
			runOnlyForDeploymentPostprocessing = 0;
		};
		57E5A3B8254810630080A2BE /* Sources */ = {
			isa = PBXSourcesBuildPhase;
			buildActionMask = 2147483647;
			files = (
				57E5A3BF254810630080A2BE /* main.c in Sources */,
				57E5A3D1254811FE0080A2BE /* NO509.c in Sources */,
			);
			runOnlyForDeploymentPostprocessing = 0;
		};
		57E5A3D825481B7D0080A2BE /* Sources */ = {
			isa = PBXSourcesBuildPhase;
			buildActionMask = 2147483647;
			files = (
				577A71102549B01100880C7F /* TreeNode.c in Sources */,
				57E5A3DF25481B7D0080A2BE /* main.c in Sources */,
				57E5A3E925481B8A0080A2BE /* NO226.c in Sources */,
			);
			runOnlyForDeploymentPostprocessing = 0;
		};
		57E5A3FA25490BF60080A2BE /* Sources */ = {
			isa = PBXSourcesBuildPhase;
			buildActionMask = 2147483647;
			files = (
				577A710E2549AF3E00880C7F /* TreeNode.c in Sources */,
				57E5A40125490BF60080A2BE /* main.c in Sources */,
				57E5A40D25490C1A0080A2BE /* NO114.c in Sources */,
			);
			runOnlyForDeploymentPostprocessing = 0;
		};
		57E5A42E254A5A710080A2BE /* Sources */ = {
			isa = PBXSourcesBuildPhase;
			buildActionMask = 2147483647;
			files = (
				57E5A44C254A5AA50080A2BE /* NO589.c in Sources */,
				57E5A435254A5A720080A2BE /* main.c in Sources */,
				57E5A441254A5A810080A2BE /* Node.c in Sources */,
			);
			runOnlyForDeploymentPostprocessing = 0;
		};
/* End PBXSourcesBuildPhase section */

/* Begin XCBuildConfiguration section */
		570D0419254AE82C0061F4FF /* Debug */ = {
			isa = XCBuildConfiguration;
			buildSettings = {
				CODE_SIGN_STYLE = Automatic;
				PRODUCT_NAME = "$(TARGET_NAME)";
			};
			name = Debug;
		};
		570D041A254AE82C0061F4FF /* Release */ = {
			isa = XCBuildConfiguration;
			buildSettings = {
				CODE_SIGN_STYLE = Automatic;
				PRODUCT_NAME = "$(TARGET_NAME)";
			};
			name = Release;
		};
		570D0457254BF0D20061F4FF /* Debug */ = {
			isa = XCBuildConfiguration;
			buildSettings = {
				CODE_SIGN_STYLE = Automatic;
				PRODUCT_NAME = "$(TARGET_NAME)";
			};
			name = Debug;
		};
		570D0458254BF0D20061F4FF /* Release */ = {
			isa = XCBuildConfiguration;
			buildSettings = {
				CODE_SIGN_STYLE = Automatic;
				PRODUCT_NAME = "$(TARGET_NAME)";
			};
			name = Release;
		};
		570D04A6254C02B70061F4FF /* Debug */ = {
			isa = XCBuildConfiguration;
			buildSettings = {
				CODE_SIGN_STYLE = Automatic;
				PRODUCT_NAME = "$(TARGET_NAME)";
			};
			name = Debug;
		};
		570D04A7254C02B70061F4FF /* Release */ = {
			isa = XCBuildConfiguration;
			buildSettings = {
				CODE_SIGN_STYLE = Automatic;
				PRODUCT_NAME = "$(TARGET_NAME)";
			};
			name = Release;
		};
		576EBD2A254FA96100E81854 /* Debug */ = {
			isa = XCBuildConfiguration;
			buildSettings = {
				CODE_SIGN_STYLE = Automatic;
				PRODUCT_NAME = "$(TARGET_NAME)";
			};
			name = Debug;
		};
		576EBD2B254FA96100E81854 /* Release */ = {
			isa = XCBuildConfiguration;
			buildSettings = {
				CODE_SIGN_STYLE = Automatic;
				PRODUCT_NAME = "$(TARGET_NAME)";
			};
			name = Release;
		};
		576EBD5F25500C1E00E81854 /* Debug */ = {
			isa = XCBuildConfiguration;
			buildSettings = {
				CODE_SIGN_STYLE = Automatic;
				PRODUCT_NAME = "$(TARGET_NAME)";
			};
			name = Debug;
		};
		576EBD6025500C1E00E81854 /* Release */ = {
			isa = XCBuildConfiguration;
			buildSettings = {
				CODE_SIGN_STYLE = Automatic;
				PRODUCT_NAME = "$(TARGET_NAME)";
			};
			name = Release;
		};
		577A70F82548E7D600880C7F /* Debug */ = {
			isa = XCBuildConfiguration;
			buildSettings = {
				CODE_SIGN_STYLE = Automatic;
				PRODUCT_NAME = "$(TARGET_NAME)";
			};
			name = Debug;
		};
		577A70F92548E7D600880C7F /* Release */ = {
			isa = XCBuildConfiguration;
			buildSettings = {
				CODE_SIGN_STYLE = Automatic;
				PRODUCT_NAME = "$(TARGET_NAME)";
			};
			name = Release;
		};
		577A71072549AE0D00880C7F /* Debug */ = {
			isa = XCBuildConfiguration;
			buildSettings = {
				CODE_SIGN_STYLE = Automatic;
				PRODUCT_NAME = "$(TARGET_NAME)";
			};
			name = Debug;
		};
		577A71082549AE0D00880C7F /* Release */ = {
			isa = XCBuildConfiguration;
			buildSettings = {
				CODE_SIGN_STYLE = Automatic;
				PRODUCT_NAME = "$(TARGET_NAME)";
			};
			name = Release;
		};
		57DAAFE625514777008C0997 /* Debug */ = {
			isa = XCBuildConfiguration;
			buildSettings = {
				CODE_SIGN_STYLE = Automatic;
				PRODUCT_NAME = "$(TARGET_NAME)";
			};
			name = Debug;
		};
		57DAAFE725514777008C0997 /* Release */ = {
			isa = XCBuildConfiguration;
			buildSettings = {
				CODE_SIGN_STYLE = Automatic;
				PRODUCT_NAME = "$(TARGET_NAME)";
			};
			name = Release;
		};
		57DAB02025515D9F008C0997 /* Debug */ = {
			isa = XCBuildConfiguration;
			buildSettings = {
				CODE_SIGN_STYLE = Automatic;
				PRODUCT_NAME = "$(TARGET_NAME)";
			};
			name = Debug;
		};
		57DAB02125515D9F008C0997 /* Release */ = {
			isa = XCBuildConfiguration;
			buildSettings = {
				CODE_SIGN_STYLE = Automatic;
				PRODUCT_NAME = "$(TARGET_NAME)";
			};
			name = Release;
		};
		57DAB06B25524E0F008C0997 /* Debug */ = {
			isa = XCBuildConfiguration;
			buildSettings = {
				CODE_SIGN_STYLE = Automatic;
				PRODUCT_NAME = "$(TARGET_NAME)";
			};
			name = Debug;
		};
		57DAB06C25524E0F008C0997 /* Release */ = {
			isa = XCBuildConfiguration;
			buildSettings = {
				CODE_SIGN_STYLE = Automatic;
				PRODUCT_NAME = "$(TARGET_NAME)";
			};
			name = Release;
		};
		57DAB1342552852E008C0997 /* Debug */ = {
			isa = XCBuildConfiguration;
			buildSettings = {
				CODE_SIGN_STYLE = Automatic;
				PRODUCT_NAME = "$(TARGET_NAME)";
			};
			name = Debug;
		};
		57DAB1352552852E008C0997 /* Release */ = {
			isa = XCBuildConfiguration;
			buildSettings = {
				CODE_SIGN_STYLE = Automatic;
				PRODUCT_NAME = "$(TARGET_NAME)";
			};
			name = Release;
		};
		57DAB1642552A52A008C0997 /* Debug */ = {
			isa = XCBuildConfiguration;
			buildSettings = {
				CODE_SIGN_STYLE = Automatic;
				PRODUCT_NAME = "$(TARGET_NAME)";
			};
			name = Debug;
		};
		57DAB1652552A52A008C0997 /* Release */ = {
			isa = XCBuildConfiguration;
			buildSettings = {
				CODE_SIGN_STYLE = Automatic;
				PRODUCT_NAME = "$(TARGET_NAME)";
			};
			name = Release;
		};
		57DAB2582553EBE9008C0997 /* Debug */ = {
			isa = XCBuildConfiguration;
			buildSettings = {
				CODE_SIGN_STYLE = Automatic;
				PRODUCT_NAME = "$(TARGET_NAME)";
			};
			name = Debug;
		};
		57DAB2592553EBE9008C0997 /* Release */ = {
			isa = XCBuildConfiguration;
			buildSettings = {
				CODE_SIGN_STYLE = Automatic;
				PRODUCT_NAME = "$(TARGET_NAME)";
			};
			name = Release;
		};
		57DAB28C2554201C008C0997 /* Debug */ = {
			isa = XCBuildConfiguration;
			buildSettings = {
				CODE_SIGN_STYLE = Automatic;
				PRODUCT_NAME = "$(TARGET_NAME)";
			};
			name = Debug;
		};
		57DAB28D2554201C008C0997 /* Release */ = {
			isa = XCBuildConfiguration;
			buildSettings = {
				CODE_SIGN_STYLE = Automatic;
				PRODUCT_NAME = "$(TARGET_NAME)";
			};
			name = Release;
		};
		57DAB2F52554E78E008C0997 /* Debug */ = {
			isa = XCBuildConfiguration;
			buildSettings = {
				CODE_SIGN_STYLE = Automatic;
				PRODUCT_NAME = "$(TARGET_NAME)";
			};
			name = Debug;
		};
		57DAB2F62554E78E008C0997 /* Release */ = {
			isa = XCBuildConfiguration;
			buildSettings = {
				CODE_SIGN_STYLE = Automatic;
				PRODUCT_NAME = "$(TARGET_NAME)";
			};
			name = Release;
		};
		57DAB32E25592D24008C0997 /* Debug */ = {
			isa = XCBuildConfiguration;
			buildSettings = {
				CODE_SIGN_STYLE = Automatic;
				PRODUCT_NAME = "$(TARGET_NAME)";
			};
			name = Debug;
		};
		57DAB32F25592D24008C0997 /* Release */ = {
			isa = XCBuildConfiguration;
			buildSettings = {
				CODE_SIGN_STYLE = Automatic;
				PRODUCT_NAME = "$(TARGET_NAME)";
			};
			name = Release;
		};
		57E5A38D2547FC640080A2BE /* Debug */ = {
			isa = XCBuildConfiguration;
			buildSettings = {
				ALWAYS_SEARCH_USER_PATHS = NO;
				CLANG_ANALYZER_NONNULL = YES;
				CLANG_ANALYZER_NUMBER_OBJECT_CONVERSION = YES_AGGRESSIVE;
				CLANG_CXX_LANGUAGE_STANDARD = "gnu++14";
				CLANG_CXX_LIBRARY = "libc++";
				CLANG_ENABLE_MODULES = YES;
				CLANG_ENABLE_OBJC_ARC = YES;
				CLANG_ENABLE_OBJC_WEAK = YES;
				CLANG_WARN_BLOCK_CAPTURE_AUTORELEASING = YES;
				CLANG_WARN_BOOL_CONVERSION = YES;
				CLANG_WARN_COMMA = YES;
				CLANG_WARN_CONSTANT_CONVERSION = YES;
				CLANG_WARN_DEPRECATED_OBJC_IMPLEMENTATIONS = YES;
				CLANG_WARN_DIRECT_OBJC_ISA_USAGE = YES_ERROR;
				CLANG_WARN_DOCUMENTATION_COMMENTS = YES;
				CLANG_WARN_EMPTY_BODY = YES;
				CLANG_WARN_ENUM_CONVERSION = YES;
				CLANG_WARN_INFINITE_RECURSION = YES;
				CLANG_WARN_INT_CONVERSION = YES;
				CLANG_WARN_NON_LITERAL_NULL_CONVERSION = YES;
				CLANG_WARN_OBJC_IMPLICIT_RETAIN_SELF = YES;
				CLANG_WARN_OBJC_LITERAL_CONVERSION = YES;
				CLANG_WARN_OBJC_ROOT_CLASS = YES_ERROR;
				CLANG_WARN_QUOTED_INCLUDE_IN_FRAMEWORK_HEADER = YES;
				CLANG_WARN_RANGE_LOOP_ANALYSIS = YES;
				CLANG_WARN_STRICT_PROTOTYPES = YES;
				CLANG_WARN_SUSPICIOUS_MOVE = YES;
				CLANG_WARN_UNGUARDED_AVAILABILITY = YES_AGGRESSIVE;
				CLANG_WARN_UNREACHABLE_CODE = YES;
				CLANG_WARN__DUPLICATE_METHOD_MATCH = YES;
				COPY_PHASE_STRIP = NO;
				DEBUG_INFORMATION_FORMAT = dwarf;
				ENABLE_STRICT_OBJC_MSGSEND = YES;
				ENABLE_TESTABILITY = YES;
				GCC_C_LANGUAGE_STANDARD = gnu11;
				GCC_DYNAMIC_NO_PIC = NO;
				GCC_NO_COMMON_BLOCKS = YES;
				GCC_OPTIMIZATION_LEVEL = 0;
				GCC_PREPROCESSOR_DEFINITIONS = (
					"DEBUG=1",
					"$(inherited)",
				);
				GCC_WARN_64_TO_32_BIT_CONVERSION = YES;
				GCC_WARN_ABOUT_RETURN_TYPE = YES_ERROR;
				GCC_WARN_UNDECLARED_SELECTOR = YES;
				GCC_WARN_UNINITIALIZED_AUTOS = YES_AGGRESSIVE;
				GCC_WARN_UNUSED_FUNCTION = YES;
				GCC_WARN_UNUSED_VARIABLE = YES;
				MACOSX_DEPLOYMENT_TARGET = 10.15;
				MTL_ENABLE_DEBUG_INFO = INCLUDE_SOURCE;
				MTL_FAST_MATH = YES;
				ONLY_ACTIVE_ARCH = YES;
				SDKROOT = macosx;
			};
			name = Debug;
		};
		57E5A38E2547FC640080A2BE /* Release */ = {
			isa = XCBuildConfiguration;
			buildSettings = {
				ALWAYS_SEARCH_USER_PATHS = NO;
				CLANG_ANALYZER_NONNULL = YES;
				CLANG_ANALYZER_NUMBER_OBJECT_CONVERSION = YES_AGGRESSIVE;
				CLANG_CXX_LANGUAGE_STANDARD = "gnu++14";
				CLANG_CXX_LIBRARY = "libc++";
				CLANG_ENABLE_MODULES = YES;
				CLANG_ENABLE_OBJC_ARC = YES;
				CLANG_ENABLE_OBJC_WEAK = YES;
				CLANG_WARN_BLOCK_CAPTURE_AUTORELEASING = YES;
				CLANG_WARN_BOOL_CONVERSION = YES;
				CLANG_WARN_COMMA = YES;
				CLANG_WARN_CONSTANT_CONVERSION = YES;
				CLANG_WARN_DEPRECATED_OBJC_IMPLEMENTATIONS = YES;
				CLANG_WARN_DIRECT_OBJC_ISA_USAGE = YES_ERROR;
				CLANG_WARN_DOCUMENTATION_COMMENTS = YES;
				CLANG_WARN_EMPTY_BODY = YES;
				CLANG_WARN_ENUM_CONVERSION = YES;
				CLANG_WARN_INFINITE_RECURSION = YES;
				CLANG_WARN_INT_CONVERSION = YES;
				CLANG_WARN_NON_LITERAL_NULL_CONVERSION = YES;
				CLANG_WARN_OBJC_IMPLICIT_RETAIN_SELF = YES;
				CLANG_WARN_OBJC_LITERAL_CONVERSION = YES;
				CLANG_WARN_OBJC_ROOT_CLASS = YES_ERROR;
				CLANG_WARN_QUOTED_INCLUDE_IN_FRAMEWORK_HEADER = YES;
				CLANG_WARN_RANGE_LOOP_ANALYSIS = YES;
				CLANG_WARN_STRICT_PROTOTYPES = YES;
				CLANG_WARN_SUSPICIOUS_MOVE = YES;
				CLANG_WARN_UNGUARDED_AVAILABILITY = YES_AGGRESSIVE;
				CLANG_WARN_UNREACHABLE_CODE = YES;
				CLANG_WARN__DUPLICATE_METHOD_MATCH = YES;
				COPY_PHASE_STRIP = NO;
				DEBUG_INFORMATION_FORMAT = "dwarf-with-dsym";
				ENABLE_NS_ASSERTIONS = NO;
				ENABLE_STRICT_OBJC_MSGSEND = YES;
				GCC_C_LANGUAGE_STANDARD = gnu11;
				GCC_NO_COMMON_BLOCKS = YES;
				GCC_WARN_64_TO_32_BIT_CONVERSION = YES;
				GCC_WARN_ABOUT_RETURN_TYPE = YES_ERROR;
				GCC_WARN_UNDECLARED_SELECTOR = YES;
				GCC_WARN_UNINITIALIZED_AUTOS = YES_AGGRESSIVE;
				GCC_WARN_UNUSED_FUNCTION = YES;
				GCC_WARN_UNUSED_VARIABLE = YES;
				MACOSX_DEPLOYMENT_TARGET = 10.15;
				MTL_ENABLE_DEBUG_INFO = NO;
				MTL_FAST_MATH = YES;
				SDKROOT = macosx;
			};
			name = Release;
		};
		57E5A3902547FC640080A2BE /* Debug */ = {
			isa = XCBuildConfiguration;
			buildSettings = {
				CODE_SIGN_STYLE = Automatic;
				PRODUCT_NAME = "$(TARGET_NAME)";
			};
			name = Debug;
		};
		57E5A3912547FC640080A2BE /* Release */ = {
			isa = XCBuildConfiguration;
			buildSettings = {
				CODE_SIGN_STYLE = Automatic;
				PRODUCT_NAME = "$(TARGET_NAME)";
			};
			name = Release;
		};
		57E5A3B125480FD40080A2BE /* Debug */ = {
			isa = XCBuildConfiguration;
			buildSettings = {
				CODE_SIGN_STYLE = Automatic;
				PRODUCT_NAME = "$(TARGET_NAME)";
			};
			name = Debug;
		};
		57E5A3B225480FD40080A2BE /* Release */ = {
			isa = XCBuildConfiguration;
			buildSettings = {
				CODE_SIGN_STYLE = Automatic;
				PRODUCT_NAME = "$(TARGET_NAME)";
			};
			name = Release;
		};
		57E5A3C1254810630080A2BE /* Debug */ = {
			isa = XCBuildConfiguration;
			buildSettings = {
				CODE_SIGN_STYLE = Automatic;
				PRODUCT_NAME = "$(TARGET_NAME)";
			};
			name = Debug;
		};
		57E5A3C2254810630080A2BE /* Release */ = {
			isa = XCBuildConfiguration;
			buildSettings = {
				CODE_SIGN_STYLE = Automatic;
				PRODUCT_NAME = "$(TARGET_NAME)";
			};
			name = Release;
		};
		57E5A3E125481B7D0080A2BE /* Debug */ = {
			isa = XCBuildConfiguration;
			buildSettings = {
				CODE_SIGN_STYLE = Automatic;
				PRODUCT_NAME = "$(TARGET_NAME)";
			};
			name = Debug;
		};
		57E5A3E225481B7D0080A2BE /* Release */ = {
			isa = XCBuildConfiguration;
			buildSettings = {
				CODE_SIGN_STYLE = Automatic;
				PRODUCT_NAME = "$(TARGET_NAME)";
			};
			name = Release;
		};
		57E5A40225490BF60080A2BE /* Debug */ = {
			isa = XCBuildConfiguration;
			buildSettings = {
				CODE_SIGN_STYLE = Automatic;
				PRODUCT_NAME = "$(TARGET_NAME)";
			};
			name = Debug;
		};
		57E5A40325490BF60080A2BE /* Release */ = {
			isa = XCBuildConfiguration;
			buildSettings = {
				CODE_SIGN_STYLE = Automatic;
				PRODUCT_NAME = "$(TARGET_NAME)";
			};
			name = Release;
		};
		57E5A437254A5A720080A2BE /* Debug */ = {
			isa = XCBuildConfiguration;
			buildSettings = {
				CODE_SIGN_STYLE = Automatic;
				PRODUCT_NAME = "$(TARGET_NAME)";
			};
			name = Debug;
		};
		57E5A438254A5A720080A2BE /* Release */ = {
			isa = XCBuildConfiguration;
			buildSettings = {
				CODE_SIGN_STYLE = Automatic;
				PRODUCT_NAME = "$(TARGET_NAME)";
			};
			name = Release;
		};
/* End XCBuildConfiguration section */

/* Begin XCConfigurationList section */
		570D0418254AE82C0061F4FF /* Build configuration list for PBXNativeTarget "NO129" */ = {
			isa = XCConfigurationList;
			buildConfigurations = (
				570D0419254AE82C0061F4FF /* Debug */,
				570D041A254AE82C0061F4FF /* Release */,
			);
			defaultConfigurationIsVisible = 0;
			defaultConfigurationName = Release;
		};
		570D0456254BF0D20061F4FF /* Build configuration list for PBXNativeTarget "NO112" */ = {
			isa = XCConfigurationList;
			buildConfigurations = (
				570D0457254BF0D20061F4FF /* Debug */,
				570D0458254BF0D20061F4FF /* Release */,
			);
			defaultConfigurationIsVisible = 0;
			defaultConfigurationName = Release;
		};
		570D04A5254C02B70061F4FF /* Build configuration list for PBXNativeTarget "NO463" */ = {
			isa = XCConfigurationList;
			buildConfigurations = (
				570D04A6254C02B70061F4FF /* Debug */,
				570D04A7254C02B70061F4FF /* Release */,
			);
			defaultConfigurationIsVisible = 0;
			defaultConfigurationName = Release;
		};
		576EBD2C254FA96100E81854 /* Build configuration list for PBXNativeTarget "NO349" */ = {
			isa = XCConfigurationList;
			buildConfigurations = (
				576EBD2A254FA96100E81854 /* Debug */,
				576EBD2B254FA96100E81854 /* Release */,
			);
			defaultConfigurationIsVisible = 0;
			defaultConfigurationName = Release;
		};
		576EBD5E25500C1E00E81854 /* Build configuration list for PBXNativeTarget "NO46" */ = {
			isa = XCConfigurationList;
			buildConfigurations = (
				576EBD5F25500C1E00E81854 /* Debug */,
				576EBD6025500C1E00E81854 /* Release */,
			);
			defaultConfigurationIsVisible = 0;
			defaultConfigurationName = Release;
		};
		577A70FA2548E7D600880C7F /* Build configuration list for PBXNativeTarget "NO1207" */ = {
			isa = XCConfigurationList;
			buildConfigurations = (
				577A70F82548E7D600880C7F /* Debug */,
				577A70F92548E7D600880C7F /* Release */,
			);
			defaultConfigurationIsVisible = 0;
			defaultConfigurationName = Release;
		};
		577A71092549AE0D00880C7F /* Build configuration list for PBXNativeTarget "NO144" */ = {
			isa = XCConfigurationList;
			buildConfigurations = (
				577A71072549AE0D00880C7F /* Debug */,
				577A71082549AE0D00880C7F /* Release */,
			);
			defaultConfigurationIsVisible = 0;
			defaultConfigurationName = Release;
		};
		57DAAFE825514777008C0997 /* Build configuration list for PBXNativeTarget "NO94" */ = {
			isa = XCConfigurationList;
			buildConfigurations = (
				57DAAFE625514777008C0997 /* Debug */,
				57DAAFE725514777008C0997 /* Release */,
			);
			defaultConfigurationIsVisible = 0;
			defaultConfigurationName = Release;
		};
		57DAB01F25515D9F008C0997 /* Build configuration list for PBXNativeTarget "NO145" */ = {
			isa = XCConfigurationList;
			buildConfigurations = (
				57DAB02025515D9F008C0997 /* Debug */,
				57DAB02125515D9F008C0997 /* Release */,
			);
			defaultConfigurationIsVisible = 0;
			defaultConfigurationName = Release;
		};
		57DAB06A25524E0F008C0997 /* Build configuration list for PBXNativeTarget "NO102" */ = {
			isa = XCConfigurationList;
			buildConfigurations = (
				57DAB06B25524E0F008C0997 /* Debug */,
				57DAB06C25524E0F008C0997 /* Release */,
			);
			defaultConfigurationIsVisible = 0;
			defaultConfigurationName = Release;
		};
		57DAB1332552852E008C0997 /* Build configuration list for PBXNativeTarget "NO57" */ = {
			isa = XCConfigurationList;
			buildConfigurations = (
				57DAB1342552852E008C0997 /* Debug */,
				57DAB1352552852E008C0997 /* Release */,
			);
			defaultConfigurationIsVisible = 0;
			defaultConfigurationName = Release;
		};
		57DAB1632552A52A008C0997 /* Build configuration list for PBXNativeTarget "NO107" */ = {
			isa = XCConfigurationList;
			buildConfigurations = (
				57DAB1642552A52A008C0997 /* Debug */,
				57DAB1652552A52A008C0997 /* Release */,
			);
			defaultConfigurationIsVisible = 0;
			defaultConfigurationName = Release;
		};
		57DAB2572553EBE9008C0997 /* Build configuration list for PBXNativeTarget "NO127" */ = {
			isa = XCConfigurationList;
			buildConfigurations = (
				57DAB2582553EBE9008C0997 /* Debug */,
				57DAB2592553EBE9008C0997 /* Release */,
			);
			defaultConfigurationIsVisible = 0;
			defaultConfigurationName = Release;
		};
		57DAB28B2554201C008C0997 /* Build configuration list for PBXNativeTarget "NO51" */ = {
			isa = XCConfigurationList;
			buildConfigurations = (
				57DAB28C2554201C008C0997 /* Debug */,
				57DAB28D2554201C008C0997 /* Release */,
			);
			defaultConfigurationIsVisible = 0;
			defaultConfigurationName = Release;
		};
		57DAB2F72554E78E008C0997 /* Build configuration list for PBXNativeTarget "NO1356" */ = {
			isa = XCConfigurationList;
			buildConfigurations = (
				57DAB2F52554E78E008C0997 /* Debug */,
				57DAB2F62554E78E008C0997 /* Release */,
			);
			defaultConfigurationIsVisible = 0;
			defaultConfigurationName = Release;
		};
		57DAB32D25592D24008C0997 /* Build configuration list for PBXNativeTarget "NO973" */ = {
			isa = XCConfigurationList;
			buildConfigurations = (
				57DAB32E25592D24008C0997 /* Debug */,
				57DAB32F25592D24008C0997 /* Release */,
			);
			defaultConfigurationIsVisible = 0;
			defaultConfigurationName = Release;
		};
		57E5A3832547FC640080A2BE /* Build configuration list for PBXProject "LeetCode" */ = {
			isa = XCConfigurationList;
			buildConfigurations = (
				57E5A38D2547FC640080A2BE /* Debug */,
				57E5A38E2547FC640080A2BE /* Release */,
			);
			defaultConfigurationIsVisible = 0;
			defaultConfigurationName = Release;
		};
		57E5A38F2547FC640080A2BE /* Build configuration list for PBXNativeTarget "LeetCode" */ = {
			isa = XCConfigurationList;
			buildConfigurations = (
				57E5A3902547FC640080A2BE /* Debug */,
				57E5A3912547FC640080A2BE /* Release */,
			);
			defaultConfigurationIsVisible = 0;
			defaultConfigurationName = Release;
		};
		57E5A3B025480FD40080A2BE /* Build configuration list for PBXNativeTarget "NO322" */ = {
			isa = XCConfigurationList;
			buildConfigurations = (
				57E5A3B125480FD40080A2BE /* Debug */,
				57E5A3B225480FD40080A2BE /* Release */,
			);
			defaultConfigurationIsVisible = 0;
			defaultConfigurationName = Release;
		};
		57E5A3C0254810630080A2BE /* Build configuration list for PBXNativeTarget "NO509" */ = {
			isa = XCConfigurationList;
			buildConfigurations = (
				57E5A3C1254810630080A2BE /* Debug */,
				57E5A3C2254810630080A2BE /* Release */,
			);
			defaultConfigurationIsVisible = 0;
			defaultConfigurationName = Release;
		};
		57E5A3E025481B7D0080A2BE /* Build configuration list for PBXNativeTarget "NO226" */ = {
			isa = XCConfigurationList;
			buildConfigurations = (
				57E5A3E125481B7D0080A2BE /* Debug */,
				57E5A3E225481B7D0080A2BE /* Release */,
			);
			defaultConfigurationIsVisible = 0;
			defaultConfigurationName = Release;
		};
		57E5A40425490BF60080A2BE /* Build configuration list for PBXNativeTarget "NO114" */ = {
			isa = XCConfigurationList;
			buildConfigurations = (
				57E5A40225490BF60080A2BE /* Debug */,
				57E5A40325490BF60080A2BE /* Release */,
			);
			defaultConfigurationIsVisible = 0;
			defaultConfigurationName = Release;
		};
		57E5A436254A5A720080A2BE /* Build configuration list for PBXNativeTarget "NO589" */ = {
			isa = XCConfigurationList;
			buildConfigurations = (
				57E5A437254A5A720080A2BE /* Debug */,
				57E5A438254A5A720080A2BE /* Release */,
			);
			defaultConfigurationIsVisible = 0;
			defaultConfigurationName = Release;
		};
/* End XCConfigurationList section */
	};
	rootObject = 57E5A3802547FC640080A2BE /* Project object */;
}
